// !$*UTF8*$!
{
	archiveVersion = 1;
	classes = {
	};
	objectVersion = 46;
	objects = {

/* Begin PBXBuildFile section */
		E9085F1415008F6900AE730E /* DatePickerViewController.m in Sources */ = {isa = PBXBuildFile; fileRef = E9085F1215008F6900AE730E /* DatePickerViewController.m */; };
		E9085F1515008F6900AE730E /* DatePickerViewController.xib in Resources */ = {isa = PBXBuildFile; fileRef = E9085F1315008F6900AE730E /* DatePickerViewController.xib */; };
		E90CB1D81526FF2600BECD00 /* Tools.m in Sources */ = {isa = PBXBuildFile; fileRef = E90CB1D71526FF2600BECD00 /* Tools.m */; };
		E90CB1DB15275A9A00BECD00 /* LeaveAComment.xib in Resources */ = {isa = PBXBuildFile; fileRef = E90CB1DA15275A9A00BECD00 /* LeaveAComment.xib */; };
		E90DEF7214FFB8C70041C559 /* 07-map-marker.png in Resources */ = {isa = PBXBuildFile; fileRef = E90DEF6A14FFB8C70041C559 /* 07-map-marker.png */; };
		E90DEF7314FFB8C70041C559 /* 09-chat-2.png in Resources */ = {isa = PBXBuildFile; fileRef = E90DEF6B14FFB8C70041C559 /* 09-chat-2.png */; };
		E90DEF7414FFB8C70041C559 /* 72-pin.png in Resources */ = {isa = PBXBuildFile; fileRef = E90DEF6C14FFB8C70041C559 /* 72-pin.png */; };
		E90DEF7514FFB8C70041C559 /* 86-camera.png in Resources */ = {isa = PBXBuildFile; fileRef = E90DEF6D14FFB8C70041C559 /* 86-camera.png */; };
		E90DEF7614FFB8C70041C559 /* 112-group.png in Resources */ = {isa = PBXBuildFile; fileRef = E90DEF6E14FFB8C70041C559 /* 112-group.png */; };
		E90DEF7714FFB8C70041C559 /* 157-wrench.png in Resources */ = {isa = PBXBuildFile; fileRef = E90DEF6F14FFB8C70041C559 /* 157-wrench.png */; };
		E90DEF7814FFB8C70041C559 /* 168-upload-photo-2.png in Resources */ = {isa = PBXBuildFile; fileRef = E90DEF7014FFB8C70041C559 /* 168-upload-photo-2.png */; };
		E90DEF7914FFB8C70041C559 /* 192-credit-card.png in Resources */ = {isa = PBXBuildFile; fileRef = E90DEF7114FFB8C70041C559 /* 192-credit-card.png */; };
		E90DEF8714FFC7120041C559 /* 163-glasses-1.png in Resources */ = {isa = PBXBuildFile; fileRef = E90DEF8614FFC7120041C559 /* 163-glasses-1.png */; };
		E90DEF8B150069900041C559 /* PhotoFlowController.m in Sources */ = {isa = PBXBuildFile; fileRef = E90DEF89150069900041C559 /* PhotoFlowController.m */; };
		E90DEF8C150069900041C559 /* PhotoFlowController.xib in Resources */ = {isa = PBXBuildFile; fileRef = E90DEF8A150069900041C559 /* PhotoFlowController.xib */; };
		E90DEF90150069BD0041C559 /* DiscoverController.m in Sources */ = {isa = PBXBuildFile; fileRef = E90DEF8E150069BD0041C559 /* DiscoverController.m */; };
		E90DEF91150069BD0041C559 /* DiscoverController.xib in Resources */ = {isa = PBXBuildFile; fileRef = E90DEF8F150069BD0041C559 /* DiscoverController.xib */; };
		E90DEF9515006A4E0041C559 /* PublishController.m in Sources */ = {isa = PBXBuildFile; fileRef = E90DEF9315006A4E0041C559 /* PublishController.m */; };
		E90DEF9615006A4E0041C559 /* PublishController.xib in Resources */ = {isa = PBXBuildFile; fileRef = E90DEF9415006A4E0041C559 /* PublishController.xib */; };
		E90DEF9A15006A880041C559 /* MessageController.m in Sources */ = {isa = PBXBuildFile; fileRef = E90DEF9815006A870041C559 /* MessageController.m */; };
		E90DEF9B15006A880041C559 /* MessageController.xib in Resources */ = {isa = PBXBuildFile; fileRef = E90DEF9915006A880041C559 /* MessageController.xib */; };
		E90DEF9F15006ACE0041C559 /* AccountController.m in Sources */ = {isa = PBXBuildFile; fileRef = E90DEF9D15006ACE0041C559 /* AccountController.m */; };
		E90DEFA015006ACE0041C559 /* AccountController.xib in Resources */ = {isa = PBXBuildFile; fileRef = E90DEF9E15006ACE0041C559 /* AccountController.xib */; };
		E911E2A4150C6D2C007F5F93 /* jie-bg2.png in Resources */ = {isa = PBXBuildFile; fileRef = E911E2A3150C6D2C007F5F93 /* jie-bg2.png */; };
		E91EF649151F16B200A692B3 /* DiscoverButton.m in Sources */ = {isa = PBXBuildFile; fileRef = E91EF648151F16B200A692B3 /* DiscoverButton.m */; };
		E91EF657151F8A3100A692B3 /* ImageFlowerButton.m in Sources */ = {isa = PBXBuildFile; fileRef = E91EF656151F8A3000A692B3 /* ImageFlowerButton.m */; };
		E91EF6B315247D9D00A692B3 /* ImageLoader.m in Sources */ = {isa = PBXBuildFile; fileRef = E91EF6B215247D9C00A692B3 /* ImageLoader.m */; };
		E91EF6BD1524B6ED00A692B3 /* Good.m in Sources */ = {isa = PBXBuildFile; fileRef = E91EF6BC1524B6EC00A692B3 /* Good.m */; };
		E91EF6C115259C2700A692B3 /* GoodDetailController.m in Sources */ = {isa = PBXBuildFile; fileRef = E91EF6BF15259C2400A692B3 /* GoodDetailController.m */; };
		E91EF6C215259C2700A692B3 /* GoodDetailController.xib in Resources */ = {isa = PBXBuildFile; fileRef = E91EF6C015259C2500A692B3 /* GoodDetailController.xib */; };
		E91EF6C61525D64E00A692B3 /* 129-golf.png in Resources */ = {isa = PBXBuildFile; fileRef = E91EF6C41525D64E00A692B3 /* 129-golf.png */; };
		E91EF6C71525D64E00A692B3 /* 130-dice.png in Resources */ = {isa = PBXBuildFile; fileRef = E91EF6C51525D64E00A692B3 /* 130-dice.png */; };
		E91EF6C91526EB7600A692B3 /* CommentTableViewCell.xib in Resources */ = {isa = PBXBuildFile; fileRef = E91EF6C81526EB7500A692B3 /* CommentTableViewCell.xib */; };
		E934675D152ABBBA007772E3 /* DetailCell.xib in Resources */ = {isa = PBXBuildFile; fileRef = E934675C152ABBBA007772E3 /* DetailCell.xib */; };
		E937B4F2152AAF5E007A3B94 /* Detail.m in Sources */ = {isa = PBXBuildFile; fileRef = E937B4F1152AAF5E007A3B94 /* Detail.m */; };
		E944F7BC14FC87CE00DD5DE4 /* UIKit.framework in Frameworks */ = {isa = PBXBuildFile; fileRef = E944F7BB14FC87CE00DD5DE4 /* UIKit.framework */; };
		E944F7BE14FC87CE00DD5DE4 /* Foundation.framework in Frameworks */ = {isa = PBXBuildFile; fileRef = E944F7BD14FC87CE00DD5DE4 /* Foundation.framework */; };
		E944F7C014FC87CE00DD5DE4 /* CoreGraphics.framework in Frameworks */ = {isa = PBXBuildFile; fileRef = E944F7BF14FC87CE00DD5DE4 /* CoreGraphics.framework */; };
		E944F7C614FC87CE00DD5DE4 /* InfoPlist.strings in Resources */ = {isa = PBXBuildFile; fileRef = E944F7C414FC87CE00DD5DE4 /* InfoPlist.strings */; };
		E944F7C814FC87CE00DD5DE4 /* main.m in Sources */ = {isa = PBXBuildFile; fileRef = E944F7C714FC87CE00DD5DE4 /* main.m */; };
		E944F7CC14FC87CE00DD5DE4 /* haoduojieAppDelegate.m in Sources */ = {isa = PBXBuildFile; fileRef = E944F7CB14FC87CE00DD5DE4 /* haoduojieAppDelegate.m */; };
		E944F7DC14FC987600DD5DE4 /* x_large_1wYX_61f900001d331262.jpg in Resources */ = {isa = PBXBuildFile; fileRef = E944F7DB14FC987600DD5DE4 /* x_large_1wYX_61f900001d331262.jpg */; };
		E96B91C6151B2DB800E2E96F /* StreetCell-my.xib in Resources */ = {isa = PBXBuildFile; fileRef = E96B91C5151B2DB800E2E96F /* StreetCell-my.xib */; };
		E96B91CF151C327100E2E96F /* FlowBoard.m in Sources */ = {isa = PBXBuildFile; fileRef = E96B91CD151C327100E2E96F /* FlowBoard.m */; };
		E96B91D0151C327100E2E96F /* FlowBoard.xib in Resources */ = {isa = PBXBuildFile; fileRef = E96B91CE151C327100E2E96F /* FlowBoard.xib */; };
		E96B91D8151CDCCF00E2E96F /* HTTP.m in Sources */ = {isa = PBXBuildFile; fileRef = E96B91D7151CDCCE00E2E96F /* HTTP.m */; };
		E96B91DA151CE2AB00E2E96F /* DiscoverCell.xib in Resources */ = {isa = PBXBuildFile; fileRef = E96B91D9151CE2AA00E2E96F /* DiscoverCell.xib */; };
		E96B91DD151E028F00E2E96F /* DicoverTableCell.m in Sources */ = {isa = PBXBuildFile; fileRef = E96B91DC151E028F00E2E96F /* DicoverTableCell.m */; };
		E9755CEB1509CFD300E062BC /* 17.png in Resources */ = {isa = PBXBuildFile; fileRef = E9755CEA1509CFD300E062BC /* 17.png */; };
		E9814372152961C000240DE3 /* CommentCell.xib in Resources */ = {isa = PBXBuildFile; fileRef = E9814371152961C000240DE3 /* CommentCell.xib */; };
		E98143761529641A00240DE3 /* CommentCell.m in Sources */ = {isa = PBXBuildFile; fileRef = E98143751529641A00240DE3 /* CommentCell.m */; };
		E98143791529987000240DE3 /* InfoScrollView.m in Sources */ = {isa = PBXBuildFile; fileRef = E98143781529987000240DE3 /* InfoScrollView.m */; };
		E981437B1529989E00240DE3 /* InfoScrollView.xib in Resources */ = {isa = PBXBuildFile; fileRef = E981437A1529989E00240DE3 /* InfoScrollView.xib */; };
		E98AA7231503B4F1008B2B93 /* MainWindow.xib in Resources */ = {isa = PBXBuildFile; fileRef = E98AA7221503B4F1008B2B93 /* MainWindow.xib */; };
		E9A9B9FC1505B74100B1B55C /* 14-tag.png in Resources */ = {isa = PBXBuildFile; fileRef = E9A9B9F51505B74100B1B55C /* 14-tag.png */; };
		E9A9B9FD1505B74100B1B55C /* 19-gear.png in Resources */ = {isa = PBXBuildFile; fileRef = E9A9B9F61505B74100B1B55C /* 19-gear.png */; };
		E9A9B9FE1505B74100B1B55C /* 24-gift.png in Resources */ = {isa = PBXBuildFile; fileRef = E9A9B9F71505B74100B1B55C /* 24-gift.png */; };
		E9A9B9FF1505B74100B1B55C /* 29-heart.png in Resources */ = {isa = PBXBuildFile; fileRef = E9A9B9F81505B74100B1B55C /* 29-heart.png */; };
		E9A9BA001505B74100B1B55C /* 34-coffee.png in Resources */ = {isa = PBXBuildFile; fileRef = E9A9B9F91505B74100B1B55C /* 34-coffee.png */; };
		E9A9BA011505B74100B1B55C /* 60-signpost.png in Resources */ = {isa = PBXBuildFile; fileRef = E9A9B9FA1505B74100B1B55C /* 60-signpost.png */; };
		E9A9BA021505B74100B1B55C /* 172-pricetag.png in Resources */ = {isa = PBXBuildFile; fileRef = E9A9B9FB1505B74100B1B55C /* 172-pricetag.png */; };
		E9A9BA061505BAEC00B1B55C /* MyFavStreetsViewController.m in Sources */ = {isa = PBXBuildFile; fileRef = E9A9BA051505BAEC00B1B55C /* MyFavStreetsViewController.m */; };
		E9A9BA091505BB0600B1B55C /* MyStreetsViewController.m in Sources */ = {isa = PBXBuildFile; fileRef = E9A9BA081505BB0600B1B55C /* MyStreetsViewController.m */; };
		E9AB42B5152DEBE900221F8E /* SwitchTableViewCell.xib in Resources */ = {isa = PBXBuildFile; fileRef = E9AB42B4152DEBE900221F8E /* SwitchTableViewCell.xib */; };
		E9AB42B9152DECB000221F8E /* SwitchFieldTableViewCell.m in Sources */ = {isa = PBXBuildFile; fileRef = E9AB42B8152DECB000221F8E /* SwitchFieldTableViewCell.m */; };
		E9BF8D471518360800B7FBEF /* ImageFlow.m in Sources */ = {isa = PBXBuildFile; fileRef = E9BF8D441518360800B7FBEF /* ImageFlow.m */; };
		E9BF8D481518360800B7FBEF /* ImageFlower.m in Sources */ = {isa = PBXBuildFile; fileRef = E9BF8D461518360800B7FBEF /* ImageFlower.m */; };
		E9BF8D69151836C700B7FBEF /* NSObject+SBJson.m in Sources */ = {isa = PBXBuildFile; fileRef = E9BF8D51151836C700B7FBEF /* NSObject+SBJson.m */; };
		E9BF8D6A151836C700B7FBEF /* SBJsonParser.m in Sources */ = {isa = PBXBuildFile; fileRef = E9BF8D54151836C700B7FBEF /* SBJsonParser.m */; };
		E9BF8D6B151836C700B7FBEF /* SBJsonStreamParser.m in Sources */ = {isa = PBXBuildFile; fileRef = E9BF8D56151836C700B7FBEF /* SBJsonStreamParser.m */; };
		E9BF8D6C151836C700B7FBEF /* SBJsonStreamParserAccumulator.m in Sources */ = {isa = PBXBuildFile; fileRef = E9BF8D58151836C700B7FBEF /* SBJsonStreamParserAccumulator.m */; };
		E9BF8D6D151836C700B7FBEF /* SBJsonStreamParserAdapter.m in Sources */ = {isa = PBXBuildFile; fileRef = E9BF8D5A151836C700B7FBEF /* SBJsonStreamParserAdapter.m */; };
		E9BF8D6E151836C700B7FBEF /* SBJsonStreamParserState.m in Sources */ = {isa = PBXBuildFile; fileRef = E9BF8D5C151836C700B7FBEF /* SBJsonStreamParserState.m */; };
		E9BF8D6F151836C700B7FBEF /* SBJsonStreamWriter.m in Sources */ = {isa = PBXBuildFile; fileRef = E9BF8D5E151836C700B7FBEF /* SBJsonStreamWriter.m */; };
		E9BF8D70151836C700B7FBEF /* SBJsonStreamWriterAccumulator.m in Sources */ = {isa = PBXBuildFile; fileRef = E9BF8D60151836C700B7FBEF /* SBJsonStreamWriterAccumulator.m */; };
		E9BF8D71151836C700B7FBEF /* SBJsonStreamWriterState.m in Sources */ = {isa = PBXBuildFile; fileRef = E9BF8D62151836C700B7FBEF /* SBJsonStreamWriterState.m */; };
		E9BF8D72151836C700B7FBEF /* SBJsonTokeniser.m in Sources */ = {isa = PBXBuildFile; fileRef = E9BF8D64151836C700B7FBEF /* SBJsonTokeniser.m */; };
		E9BF8D73151836C700B7FBEF /* SBJsonUTF8Stream.m in Sources */ = {isa = PBXBuildFile; fileRef = E9BF8D66151836C700B7FBEF /* SBJsonUTF8Stream.m */; };
		E9BF8D74151836C700B7FBEF /* SBJsonWriter.m in Sources */ = {isa = PBXBuildFile; fileRef = E9BF8D68151836C700B7FBEF /* SBJsonWriter.m */; };
		E9BF8D8B151836E000B7FBEF /* ASIAuthenticationDialog.m in Sources */ = {isa = PBXBuildFile; fileRef = E9BF8D76151836E000B7FBEF /* ASIAuthenticationDialog.m */; };
		E9BF8D8C151836E000B7FBEF /* Reachability.m in Sources */ = {isa = PBXBuildFile; fileRef = E9BF8D79151836E000B7FBEF /* Reachability.m */; };
		E9BF8D8D151836E000B7FBEF /* ASIDataCompressor.m in Sources */ = {isa = PBXBuildFile; fileRef = E9BF8D7B151836E000B7FBEF /* ASIDataCompressor.m */; };
		E9BF8D8E151836E000B7FBEF /* ASIDataDecompressor.m in Sources */ = {isa = PBXBuildFile; fileRef = E9BF8D7D151836E000B7FBEF /* ASIDataDecompressor.m */; };
		E9BF8D8F151836E000B7FBEF /* ASIDownloadCache.m in Sources */ = {isa = PBXBuildFile; fileRef = E9BF8D7F151836E000B7FBEF /* ASIDownloadCache.m */; };
		E9BF8D90151836E000B7FBEF /* ASIFormDataRequest.m in Sources */ = {isa = PBXBuildFile; fileRef = E9BF8D81151836E000B7FBEF /* ASIFormDataRequest.m */; };
		E9BF8D91151836E000B7FBEF /* ASIHTTPRequest.m in Sources */ = {isa = PBXBuildFile; fileRef = E9BF8D83151836E000B7FBEF /* ASIHTTPRequest.m */; };
		E9BF8D92151836E000B7FBEF /* ASIInputStream.m in Sources */ = {isa = PBXBuildFile; fileRef = E9BF8D87151836E000B7FBEF /* ASIInputStream.m */; };
		E9BF8D93151836E000B7FBEF /* ASINetworkQueue.m in Sources */ = {isa = PBXBuildFile; fileRef = E9BF8D89151836E000B7FBEF /* ASINetworkQueue.m */; };
		E9BF8D951518371B00B7FBEF /* libz.1.2.5.dylib in Frameworks */ = {isa = PBXBuildFile; fileRef = E9BF8D941518371B00B7FBEF /* libz.1.2.5.dylib */; };
		E9BF8D971518372900B7FBEF /* MobileCoreServices.framework in Frameworks */ = {isa = PBXBuildFile; fileRef = E9BF8D961518372900B7FBEF /* MobileCoreServices.framework */; };
		E9BF8D991518373600B7FBEF /* SystemConfiguration.framework in Frameworks */ = {isa = PBXBuildFile; fileRef = E9BF8D981518373600B7FBEF /* SystemConfiguration.framework */; };
		E9BF8D9B1518373F00B7FBEF /* CFNetwork.framework in Frameworks */ = {isa = PBXBuildFile; fileRef = E9BF8D9A1518373F00B7FBEF /* CFNetwork.framework */; };
		E9C19C5C15185285007DA489 /* StreetCell.xib in Resources */ = {isa = PBXBuildFile; fileRef = E9C19C5B15185285007DA489 /* StreetCell.xib */; };
		E9C19C5E1518542B007DA489 /* streetCover.jpg in Resources */ = {isa = PBXBuildFile; fileRef = E9C19C5D1518542B007DA489 /* streetCover.jpg */; };
		E9C19C6815186672007DA489 /* jie-bg.png in Resources */ = {isa = PBXBuildFile; fileRef = E9C19C6715186672007DA489 /* jie-bg.png */; };
		E9C19C6F15188A1F007DA489 /* h1.jpg in Resources */ = {isa = PBXBuildFile; fileRef = E9C19C6A15188A1F007DA489 /* h1.jpg */; };
		E9C19C7015188A1F007DA489 /* tiny_IROX_35135p019117.jpg in Resources */ = {isa = PBXBuildFile; fileRef = E9C19C6B15188A1F007DA489 /* tiny_IROX_35135p019117.jpg */; };
		E9C19C7115188A1F007DA489 /* tiny_t8bL_3387n019117.jpg in Resources */ = {isa = PBXBuildFile; fileRef = E9C19C6C15188A1F007DA489 /* tiny_t8bL_3387n019117.jpg */; };
		E9C19C7215188A1F007DA489 /* tiny_ubby_528888k019118.jpg in Resources */ = {isa = PBXBuildFile; fileRef = E9C19C6D15188A1F007DA489 /* tiny_ubby_528888k019118.jpg */; };
		E9C19C7315188A1F007DA489 /* tiny_x7h5_142806e019118.jpg in Resources */ = {isa = PBXBuildFile; fileRef = E9C19C6E15188A1F007DA489 /* tiny_x7h5_142806e019118.jpg */; };
		E9C3220E15280F8C00B0EAD4 /* CommentController.m in Sources */ = {isa = PBXBuildFile; fileRef = E9C3220C15280F8C00B0EAD4 /* CommentController.m */; };
		E9C3220F15280F8C00B0EAD4 /* CommentController.xib in Resources */ = {isa = PBXBuildFile; fileRef = E9C3220D15280F8C00B0EAD4 /* CommentController.xib */; };
		E9C322121528119700B0EAD4 /* ButtonHelper.m in Sources */ = {isa = PBXBuildFile; fileRef = E9C322111528119700B0EAD4 /* ButtonHelper.m */; };
		E9C32217152869E500B0EAD4 /* CustomStatusBar.m in Sources */ = {isa = PBXBuildFile; fileRef = E9C32215152869E500B0EAD4 /* CustomStatusBar.m */; };
		E9C32218152869E500B0EAD4 /* statusbar_background.png in Resources */ = {isa = PBXBuildFile; fileRef = E9C32216152869E500B0EAD4 /* statusbar_background.png */; };
		E9C3221B15295DC900B0EAD4 /* CommentTableViewCell.m in Sources */ = {isa = PBXBuildFile; fileRef = E9C3221A15295DC800B0EAD4 /* CommentTableViewCell.m */; };
		E9CE6DB0152C10BF0018362E /* GoodPublishController.m in Sources */ = {isa = PBXBuildFile; fileRef = E9CE6DAE152C10BF0018362E /* GoodPublishController.m */; };
		E9CE6DB4152C3DDB0018362E /* TakePhotoButton.xib in Resources */ = {isa = PBXBuildFile; fileRef = E9CE6DB3152C3DDB0018362E /* TakePhotoButton.xib */; };
		E9CE6DB6152C3E670018362E /* 89.jpg in Resources */ = {isa = PBXBuildFile; fileRef = E9CE6DB5152C3E670018362E /* 89.jpg */; };
		E9CE6DB8152D54470018362E /* GoodPublishController.xib in Resources */ = {isa = PBXBuildFile; fileRef = E9CE6DB7152D54470018362E /* GoodPublishController.xib */; };
		E9CE6DBD152D94FC0018362E /* InfoEditTextFieldCell.m in Sources */ = {isa = PBXBuildFile; fileRef = E9CE6DBC152D94FC0018362E /* InfoEditTextFieldCell.m */; };
		E9CE6DCB152D9B4B0018362E /* TextFieldTableView.xib in Resources */ = {isa = PBXBuildFile; fileRef = E9CE6DCA152D9B4B0018362E /* TextFieldTableView.xib */; };
		E9E6DFAD150A0DB2000BFB89 /* navigationBarBackgroundRetro.png in Resources */ = {isa = PBXBuildFile; fileRef = E9E6DFAC150A0DB1000BFB89 /* navigationBarBackgroundRetro.png */; };
		E9E6DFAF150A0DDF000BFB89 /* navigationBarBackgroundRetro@2x.png in Resources */ = {isa = PBXBuildFile; fileRef = E9E6DFAE150A0DDF000BFB89 /* navigationBarBackgroundRetro@2x.png */; };
		E9E6DFB5150A63E9000BFB89 /* haoduojie-logo.png in Resources */ = {isa = PBXBuildFile; fileRef = E9E6DFB4150A63E9000BFB89 /* haoduojie-logo.png */; };
		E9E6DFBC150B1876000BFB89 /* HaoduojieNavigationController.m in Sources */ = {isa = PBXBuildFile; fileRef = E9E6DFBB150B1876000BFB89 /* HaoduojieNavigationController.m */; };
		E9E6DFC3150B63FD000BFB89 /* QuartzCore.framework in Frameworks */ = {isa = PBXBuildFile; fileRef = E9E6DFC2150B63FD000BFB89 /* QuartzCore.framework */; };
		E9F97A35150D01620049DD60 /* 1.jpg in Resources */ = {isa = PBXBuildFile; fileRef = E9F97A27150D01620049DD60 /* 1.jpg */; };
		E9F97A36150D01620049DD60 /* 2.jpg in Resources */ = {isa = PBXBuildFile; fileRef = E9F97A28150D01620049DD60 /* 2.jpg */; };
		E9F97A37150D01620049DD60 /* 3.jpg in Resources */ = {isa = PBXBuildFile; fileRef = E9F97A29150D01620049DD60 /* 3.jpg */; };
		E9F97A38150D01620049DD60 /* 4.jpg in Resources */ = {isa = PBXBuildFile; fileRef = E9F97A2A150D01620049DD60 /* 4.jpg */; };
		E9F97A39150D01620049DD60 /* 5.jpg in Resources */ = {isa = PBXBuildFile; fileRef = E9F97A2B150D01620049DD60 /* 5.jpg */; };
		E9F97A3A150D01620049DD60 /* 6.jpg in Resources */ = {isa = PBXBuildFile; fileRef = E9F97A2C150D01620049DD60 /* 6.jpg */; };
		E9F97A3B150D01620049DD60 /* 7.jpg in Resources */ = {isa = PBXBuildFile; fileRef = E9F97A2D150D01620049DD60 /* 7.jpg */; };
		E9F97A3C150D01620049DD60 /* 8.jpg in Resources */ = {isa = PBXBuildFile; fileRef = E9F97A2E150D01620049DD60 /* 8.jpg */; };
		E9F97A3D150D01620049DD60 /* 9.jpg in Resources */ = {isa = PBXBuildFile; fileRef = E9F97A2F150D01620049DD60 /* 9.jpg */; };
		E9F97A3E150D01620049DD60 /* 10.jpg in Resources */ = {isa = PBXBuildFile; fileRef = E9F97A30150D01620049DD60 /* 10.jpg */; };
		E9F97A3F150D01620049DD60 /* 11.jpg in Resources */ = {isa = PBXBuildFile; fileRef = E9F97A31150D01620049DD60 /* 11.jpg */; };
		E9F97A40150D01620049DD60 /* 12.jpg in Resources */ = {isa = PBXBuildFile; fileRef = E9F97A32150D01620049DD60 /* 12.jpg */; };
		E9F97A41150D01620049DD60 /* 13.jpg in Resources */ = {isa = PBXBuildFile; fileRef = E9F97A33150D01620049DD60 /* 13.jpg */; };
		E9F97A42150D01620049DD60 /* 14.jpg in Resources */ = {isa = PBXBuildFile; fileRef = E9F97A34150D01620049DD60 /* 14.jpg */; };
/* End PBXBuildFile section */

/* Begin PBXFileReference section */
		E9085F1115008F6900AE730E /* DatePickerViewController.h */ = {isa = PBXFileReference; fileEncoding = 4; lastKnownFileType = sourcecode.c.h; path = DatePickerViewController.h; sourceTree = "<group>"; };
		E9085F1215008F6900AE730E /* DatePickerViewController.m */ = {isa = PBXFileReference; fileEncoding = 4; lastKnownFileType = sourcecode.c.objc; path = DatePickerViewController.m; sourceTree = "<group>"; };
		E9085F1315008F6900AE730E /* DatePickerViewController.xib */ = {isa = PBXFileReference; fileEncoding = 4; lastKnownFileType = file.xib; path = DatePickerViewController.xib; sourceTree = "<group>"; };
		E90CB1D61526FF2600BECD00 /* Tools.h */ = {isa = PBXFileReference; fileEncoding = 4; lastKnownFileType = sourcecode.c.h; path = Tools.h; sourceTree = "<group>"; };
		E90CB1D71526FF2600BECD00 /* Tools.m */ = {isa = PBXFileReference; fileEncoding = 4; lastKnownFileType = sourcecode.c.objc; path = Tools.m; sourceTree = "<group>"; };
		E90CB1DA15275A9A00BECD00 /* LeaveAComment.xib */ = {isa = PBXFileReference; fileEncoding = 4; lastKnownFileType = file.xib; path = LeaveAComment.xib; sourceTree = "<group>"; };
		E90DEF6A14FFB8C70041C559 /* 07-map-marker.png */ = {isa = PBXFileReference; lastKnownFileType = image.png; path = "07-map-marker.png"; sourceTree = "<group>"; };
		E90DEF6B14FFB8C70041C559 /* 09-chat-2.png */ = {isa = PBXFileReference; lastKnownFileType = image.png; path = "09-chat-2.png"; sourceTree = "<group>"; };
		E90DEF6C14FFB8C70041C559 /* 72-pin.png */ = {isa = PBXFileReference; lastKnownFileType = image.png; path = "72-pin.png"; sourceTree = "<group>"; };
		E90DEF6D14FFB8C70041C559 /* 86-camera.png */ = {isa = PBXFileReference; lastKnownFileType = image.png; path = "86-camera.png"; sourceTree = "<group>"; };
		E90DEF6E14FFB8C70041C559 /* 112-group.png */ = {isa = PBXFileReference; lastKnownFileType = image.png; path = "112-group.png"; sourceTree = "<group>"; };
		E90DEF6F14FFB8C70041C559 /* 157-wrench.png */ = {isa = PBXFileReference; lastKnownFileType = image.png; path = "157-wrench.png"; sourceTree = "<group>"; };
		E90DEF7014FFB8C70041C559 /* 168-upload-photo-2.png */ = {isa = PBXFileReference; lastKnownFileType = image.png; path = "168-upload-photo-2.png"; sourceTree = "<group>"; };
		E90DEF7114FFB8C70041C559 /* 192-credit-card.png */ = {isa = PBXFileReference; lastKnownFileType = image.png; path = "192-credit-card.png"; sourceTree = "<group>"; };
		E90DEF8614FFC7120041C559 /* 163-glasses-1.png */ = {isa = PBXFileReference; lastKnownFileType = image.png; path = "163-glasses-1.png"; sourceTree = "<group>"; };
		E90DEF88150069900041C559 /* PhotoFlowController.h */ = {isa = PBXFileReference; fileEncoding = 4; lastKnownFileType = sourcecode.c.h; path = PhotoFlowController.h; sourceTree = "<group>"; };
		E90DEF89150069900041C559 /* PhotoFlowController.m */ = {isa = PBXFileReference; fileEncoding = 4; lastKnownFileType = sourcecode.c.objc; path = PhotoFlowController.m; sourceTree = "<group>"; };
		E90DEF8A150069900041C559 /* PhotoFlowController.xib */ = {isa = PBXFileReference; fileEncoding = 4; lastKnownFileType = file.xib; path = PhotoFlowController.xib; sourceTree = "<group>"; };
		E90DEF8D150069BD0041C559 /* DiscoverController.h */ = {isa = PBXFileReference; fileEncoding = 4; lastKnownFileType = sourcecode.c.h; path = DiscoverController.h; sourceTree = "<group>"; };
		E90DEF8E150069BD0041C559 /* DiscoverController.m */ = {isa = PBXFileReference; fileEncoding = 4; lastKnownFileType = sourcecode.c.objc; path = DiscoverController.m; sourceTree = "<group>"; };
		E90DEF8F150069BD0041C559 /* DiscoverController.xib */ = {isa = PBXFileReference; fileEncoding = 4; lastKnownFileType = file.xib; path = DiscoverController.xib; sourceTree = "<group>"; };
		E90DEF9215006A4E0041C559 /* PublishController.h */ = {isa = PBXFileReference; fileEncoding = 4; lastKnownFileType = sourcecode.c.h; path = PublishController.h; sourceTree = "<group>"; };
		E90DEF9315006A4E0041C559 /* PublishController.m */ = {isa = PBXFileReference; fileEncoding = 4; lastKnownFileType = sourcecode.c.objc; path = PublishController.m; sourceTree = "<group>"; };
		E90DEF9415006A4E0041C559 /* PublishController.xib */ = {isa = PBXFileReference; fileEncoding = 4; lastKnownFileType = file.xib; path = PublishController.xib; sourceTree = "<group>"; };
		E90DEF9715006A870041C559 /* MessageController.h */ = {isa = PBXFileReference; fileEncoding = 4; lastKnownFileType = sourcecode.c.h; path = MessageController.h; sourceTree = "<group>"; };
		E90DEF9815006A870041C559 /* MessageController.m */ = {isa = PBXFileReference; fileEncoding = 4; lastKnownFileType = sourcecode.c.objc; path = MessageController.m; sourceTree = "<group>"; };
		E90DEF9915006A880041C559 /* MessageController.xib */ = {isa = PBXFileReference; fileEncoding = 4; lastKnownFileType = file.xib; path = MessageController.xib; sourceTree = "<group>"; };
		E90DEF9C15006ACE0041C559 /* AccountController.h */ = {isa = PBXFileReference; fileEncoding = 4; lastKnownFileType = sourcecode.c.h; path = AccountController.h; sourceTree = "<group>"; };
		E90DEF9D15006ACE0041C559 /* AccountController.m */ = {isa = PBXFileReference; fileEncoding = 4; lastKnownFileType = sourcecode.c.objc; path = AccountController.m; sourceTree = "<group>"; };
		E90DEF9E15006ACE0041C559 /* AccountController.xib */ = {isa = PBXFileReference; fileEncoding = 4; lastKnownFileType = file.xib; path = AccountController.xib; sourceTree = "<group>"; };
		E911E2A3150C6D2C007F5F93 /* jie-bg2.png */ = {isa = PBXFileReference; lastKnownFileType = image.png; path = "jie-bg2.png"; sourceTree = "<group>"; };
		E91EF647151F16B100A692B3 /* DiscoverButton.h */ = {isa = PBXFileReference; fileEncoding = 4; lastKnownFileType = sourcecode.c.h; path = DiscoverButton.h; sourceTree = "<group>"; };
		E91EF648151F16B200A692B3 /* DiscoverButton.m */ = {isa = PBXFileReference; fileEncoding = 4; lastKnownFileType = sourcecode.c.objc; path = DiscoverButton.m; sourceTree = "<group>"; };
		E91EF64F151F61EB00A692B3 /* ImageFlowDelegate.h */ = {isa = PBXFileReference; fileEncoding = 4; lastKnownFileType = sourcecode.c.h; path = ImageFlowDelegate.h; sourceTree = "<group>"; };
		E91EF651151F625900A692B3 /* ImageFlowDataSource.h */ = {isa = PBXFileReference; fileEncoding = 4; lastKnownFileType = sourcecode.c.h; path = ImageFlowDataSource.h; sourceTree = "<group>"; };
		E91EF655151F8A3000A692B3 /* ImageFlowerButton.h */ = {isa = PBXFileReference; fileEncoding = 4; lastKnownFileType = sourcecode.c.h; path = ImageFlowerButton.h; sourceTree = "<group>"; };
		E91EF656151F8A3000A692B3 /* ImageFlowerButton.m */ = {isa = PBXFileReference; fileEncoding = 4; lastKnownFileType = sourcecode.c.objc; path = ImageFlowerButton.m; sourceTree = "<group>"; };
		E91EF6B115247D9C00A692B3 /* ImageLoader.h */ = {isa = PBXFileReference; fileEncoding = 4; lastKnownFileType = sourcecode.c.h; path = ImageLoader.h; sourceTree = "<group>"; };
		E91EF6B215247D9C00A692B3 /* ImageLoader.m */ = {isa = PBXFileReference; fileEncoding = 4; lastKnownFileType = sourcecode.c.objc; path = ImageLoader.m; sourceTree = "<group>"; };
		E91EF6BB1524B6EC00A692B3 /* Good.h */ = {isa = PBXFileReference; fileEncoding = 4; lastKnownFileType = sourcecode.c.h; path = Good.h; sourceTree = "<group>"; };
		E91EF6BC1524B6EC00A692B3 /* Good.m */ = {isa = PBXFileReference; fileEncoding = 4; lastKnownFileType = sourcecode.c.objc; path = Good.m; sourceTree = "<group>"; };
		E91EF6BE15259C2400A692B3 /* GoodDetailController.h */ = {isa = PBXFileReference; fileEncoding = 4; lastKnownFileType = sourcecode.c.h; path = GoodDetailController.h; sourceTree = "<group>"; };
		E91EF6BF15259C2400A692B3 /* GoodDetailController.m */ = {isa = PBXFileReference; fileEncoding = 4; lastKnownFileType = sourcecode.c.objc; path = GoodDetailController.m; sourceTree = "<group>"; };
		E91EF6C015259C2500A692B3 /* GoodDetailController.xib */ = {isa = PBXFileReference; fileEncoding = 4; lastKnownFileType = file.xib; path = GoodDetailController.xib; sourceTree = "<group>"; };
		E91EF6C31525BE3800A692B3 /* ImageFlowerDelegate.h */ = {isa = PBXFileReference; fileEncoding = 4; lastKnownFileType = sourcecode.c.h; path = ImageFlowerDelegate.h; sourceTree = "<group>"; };
		E91EF6C41525D64E00A692B3 /* 129-golf.png */ = {isa = PBXFileReference; lastKnownFileType = image.png; path = "129-golf.png"; sourceTree = "<group>"; };
		E91EF6C51525D64E00A692B3 /* 130-dice.png */ = {isa = PBXFileReference; lastKnownFileType = image.png; path = "130-dice.png"; sourceTree = "<group>"; };
		E91EF6C81526EB7500A692B3 /* CommentTableViewCell.xib */ = {isa = PBXFileReference; fileEncoding = 4; lastKnownFileType = file.xib; path = CommentTableViewCell.xib; sourceTree = "<group>"; };
		E934675C152ABBBA007772E3 /* DetailCell.xib */ = {isa = PBXFileReference; fileEncoding = 4; lastKnownFileType = file.xib; path = DetailCell.xib; sourceTree = "<group>"; };
		E937B4F0152AAF5E007A3B94 /* Detail.h */ = {isa = PBXFileReference; fileEncoding = 4; lastKnownFileType = sourcecode.c.h; path = Detail.h; sourceTree = "<group>"; };
		E937B4F1152AAF5E007A3B94 /* Detail.m */ = {isa = PBXFileReference; fileEncoding = 4; lastKnownFileType = sourcecode.c.objc; path = Detail.m; sourceTree = "<group>"; };
		E944F7B714FC87CE00DD5DE4 /* haoduojie.app */ = {isa = PBXFileReference; explicitFileType = wrapper.application; includeInIndex = 0; path = haoduojie.app; sourceTree = BUILT_PRODUCTS_DIR; };
		E944F7BB14FC87CE00DD5DE4 /* UIKit.framework */ = {isa = PBXFileReference; lastKnownFileType = wrapper.framework; name = UIKit.framework; path = System/Library/Frameworks/UIKit.framework; sourceTree = SDKROOT; };
		E944F7BD14FC87CE00DD5DE4 /* Foundation.framework */ = {isa = PBXFileReference; lastKnownFileType = wrapper.framework; name = Foundation.framework; path = System/Library/Frameworks/Foundation.framework; sourceTree = SDKROOT; };
		E944F7BF14FC87CE00DD5DE4 /* CoreGraphics.framework */ = {isa = PBXFileReference; lastKnownFileType = wrapper.framework; name = CoreGraphics.framework; path = System/Library/Frameworks/CoreGraphics.framework; sourceTree = SDKROOT; };
		E944F7C314FC87CE00DD5DE4 /* haoduojie-Info.plist */ = {isa = PBXFileReference; lastKnownFileType = text.plist.xml; path = "haoduojie-Info.plist"; sourceTree = "<group>"; };
		E944F7C514FC87CE00DD5DE4 /* en */ = {isa = PBXFileReference; lastKnownFileType = text.plist.strings; name = en; path = en.lproj/InfoPlist.strings; sourceTree = "<group>"; };
		E944F7C714FC87CE00DD5DE4 /* main.m */ = {isa = PBXFileReference; lastKnownFileType = sourcecode.c.objc; path = main.m; sourceTree = "<group>"; };
		E944F7C914FC87CE00DD5DE4 /* haoduojie-Prefix.pch */ = {isa = PBXFileReference; lastKnownFileType = sourcecode.c.h; path = "haoduojie-Prefix.pch"; sourceTree = "<group>"; };
		E944F7CA14FC87CE00DD5DE4 /* haoduojieAppDelegate.h */ = {isa = PBXFileReference; lastKnownFileType = sourcecode.c.h; path = haoduojieAppDelegate.h; sourceTree = "<group>"; };
		E944F7CB14FC87CE00DD5DE4 /* haoduojieAppDelegate.m */ = {isa = PBXFileReference; lastKnownFileType = sourcecode.c.objc; path = haoduojieAppDelegate.m; sourceTree = "<group>"; };
		E944F7DB14FC987600DD5DE4 /* x_large_1wYX_61f900001d331262.jpg */ = {isa = PBXFileReference; lastKnownFileType = image.jpeg; path = x_large_1wYX_61f900001d331262.jpg; sourceTree = "<group>"; };
		E96B91C5151B2DB800E2E96F /* StreetCell-my.xib */ = {isa = PBXFileReference; fileEncoding = 4; lastKnownFileType = file.xib; path = "StreetCell-my.xib"; sourceTree = "<group>"; };
		E96B91CC151C327000E2E96F /* FlowBoard.h */ = {isa = PBXFileReference; fileEncoding = 4; lastKnownFileType = sourcecode.c.h; path = FlowBoard.h; sourceTree = "<group>"; };
		E96B91CD151C327100E2E96F /* FlowBoard.m */ = {isa = PBXFileReference; fileEncoding = 4; lastKnownFileType = sourcecode.c.objc; path = FlowBoard.m; sourceTree = "<group>"; };
		E96B91CE151C327100E2E96F /* FlowBoard.xib */ = {isa = PBXFileReference; fileEncoding = 4; lastKnownFileType = file.xib; path = FlowBoard.xib; sourceTree = "<group>"; };
		E96B91D6151CDCCE00E2E96F /* HTTP.h */ = {isa = PBXFileReference; fileEncoding = 4; lastKnownFileType = sourcecode.c.h; path = HTTP.h; sourceTree = "<group>"; };
		E96B91D7151CDCCE00E2E96F /* HTTP.m */ = {isa = PBXFileReference; fileEncoding = 4; lastKnownFileType = sourcecode.c.objc; path = HTTP.m; sourceTree = "<group>"; };
		E96B91D9151CE2AA00E2E96F /* DiscoverCell.xib */ = {isa = PBXFileReference; fileEncoding = 4; lastKnownFileType = file.xib; path = DiscoverCell.xib; sourceTree = "<group>"; };
		E96B91DB151E028F00E2E96F /* DicoverTableCell.h */ = {isa = PBXFileReference; fileEncoding = 4; lastKnownFileType = sourcecode.c.h; path = DicoverTableCell.h; sourceTree = "<group>"; };
		E96B91DC151E028F00E2E96F /* DicoverTableCell.m */ = {isa = PBXFileReference; fileEncoding = 4; lastKnownFileType = sourcecode.c.objc; path = DicoverTableCell.m; sourceTree = "<group>"; };
		E9755CEA1509CFD300E062BC /* 17.png */ = {isa = PBXFileReference; lastKnownFileType = image.png; path = 17.png; sourceTree = "<group>"; };
		E9814371152961C000240DE3 /* CommentCell.xib */ = {isa = PBXFileReference; fileEncoding = 4; lastKnownFileType = file.xib; path = CommentCell.xib; sourceTree = "<group>"; };
		E98143741529641A00240DE3 /* CommentCell.h */ = {isa = PBXFileReference; fileEncoding = 4; lastKnownFileType = sourcecode.c.h; path = CommentCell.h; sourceTree = "<group>"; };
		E98143751529641A00240DE3 /* CommentCell.m */ = {isa = PBXFileReference; fileEncoding = 4; lastKnownFileType = sourcecode.c.objc; path = CommentCell.m; sourceTree = "<group>"; };
		E98143771529987000240DE3 /* InfoScrollView.h */ = {isa = PBXFileReference; fileEncoding = 4; lastKnownFileType = sourcecode.c.h; path = InfoScrollView.h; sourceTree = "<group>"; };
		E98143781529987000240DE3 /* InfoScrollView.m */ = {isa = PBXFileReference; fileEncoding = 4; lastKnownFileType = sourcecode.c.objc; path = InfoScrollView.m; sourceTree = "<group>"; };
		E981437A1529989E00240DE3 /* InfoScrollView.xib */ = {isa = PBXFileReference; fileEncoding = 4; lastKnownFileType = file.xib; path = InfoScrollView.xib; sourceTree = "<group>"; };
		E981437C152999D400240DE3 /* InfoScrollViewDelegate.h */ = {isa = PBXFileReference; fileEncoding = 4; lastKnownFileType = sourcecode.c.h; path = InfoScrollViewDelegate.h; sourceTree = "<group>"; };
		E98AA7221503B4F1008B2B93 /* MainWindow.xib */ = {isa = PBXFileReference; fileEncoding = 4; lastKnownFileType = file.xib; path = MainWindow.xib; sourceTree = "<group>"; };
		E9A9B9F51505B74100B1B55C /* 14-tag.png */ = {isa = PBXFileReference; lastKnownFileType = image.png; path = "14-tag.png"; sourceTree = "<group>"; };
		E9A9B9F61505B74100B1B55C /* 19-gear.png */ = {isa = PBXFileReference; lastKnownFileType = image.png; path = "19-gear.png"; sourceTree = "<group>"; };
		E9A9B9F71505B74100B1B55C /* 24-gift.png */ = {isa = PBXFileReference; lastKnownFileType = image.png; path = "24-gift.png"; sourceTree = "<group>"; };
		E9A9B9F81505B74100B1B55C /* 29-heart.png */ = {isa = PBXFileReference; lastKnownFileType = image.png; path = "29-heart.png"; sourceTree = "<group>"; };
		E9A9B9F91505B74100B1B55C /* 34-coffee.png */ = {isa = PBXFileReference; lastKnownFileType = image.png; path = "34-coffee.png"; sourceTree = "<group>"; };
		E9A9B9FA1505B74100B1B55C /* 60-signpost.png */ = {isa = PBXFileReference; lastKnownFileType = image.png; path = "60-signpost.png"; sourceTree = "<group>"; };
		E9A9B9FB1505B74100B1B55C /* 172-pricetag.png */ = {isa = PBXFileReference; lastKnownFileType = image.png; path = "172-pricetag.png"; sourceTree = "<group>"; };
		E9A9BA041505BAEC00B1B55C /* MyFavStreetsViewController.h */ = {isa = PBXFileReference; fileEncoding = 4; lastKnownFileType = sourcecode.c.h; path = MyFavStreetsViewController.h; sourceTree = "<group>"; };
		E9A9BA051505BAEC00B1B55C /* MyFavStreetsViewController.m */ = {isa = PBXFileReference; fileEncoding = 4; lastKnownFileType = sourcecode.c.objc; path = MyFavStreetsViewController.m; sourceTree = "<group>"; };
		E9A9BA071505BB0600B1B55C /* MyStreetsViewController.h */ = {isa = PBXFileReference; fileEncoding = 4; lastKnownFileType = sourcecode.c.h; path = MyStreetsViewController.h; sourceTree = "<group>"; };
		E9A9BA081505BB0600B1B55C /* MyStreetsViewController.m */ = {isa = PBXFileReference; fileEncoding = 4; lastKnownFileType = sourcecode.c.objc; path = MyStreetsViewController.m; sourceTree = "<group>"; };
		E9AB42B4152DEBE900221F8E /* SwitchTableViewCell.xib */ = {isa = PBXFileReference; fileEncoding = 4; lastKnownFileType = file.xib; path = SwitchTableViewCell.xib; sourceTree = "<group>"; };
		E9AB42B7152DECB000221F8E /* SwitchFieldTableViewCell.h */ = {isa = PBXFileReference; fileEncoding = 4; lastKnownFileType = sourcecode.c.h; path = SwitchFieldTableViewCell.h; sourceTree = "<group>"; };
		E9AB42B8152DECB000221F8E /* SwitchFieldTableViewCell.m */ = {isa = PBXFileReference; fileEncoding = 4; lastKnownFileType = sourcecode.c.objc; path = SwitchFieldTableViewCell.m; sourceTree = "<group>"; };
		E9BF8D431518360800B7FBEF /* ImageFlow.h */ = {isa = PBXFileReference; fileEncoding = 4; lastKnownFileType = sourcecode.c.h; path = ImageFlow.h; sourceTree = "<group>"; };
		E9BF8D441518360800B7FBEF /* ImageFlow.m */ = {isa = PBXFileReference; fileEncoding = 4; lastKnownFileType = sourcecode.c.objc; path = ImageFlow.m; sourceTree = "<group>"; };
		E9BF8D451518360800B7FBEF /* ImageFlower.h */ = {isa = PBXFileReference; fileEncoding = 4; lastKnownFileType = sourcecode.c.h; path = ImageFlower.h; sourceTree = "<group>"; };
		E9BF8D461518360800B7FBEF /* ImageFlower.m */ = {isa = PBXFileReference; fileEncoding = 4; lastKnownFileType = sourcecode.c.objc; path = ImageFlower.m; sourceTree = "<group>"; };
		E9BF8D50151836C700B7FBEF /* NSObject+SBJson.h */ = {isa = PBXFileReference; fileEncoding = 4; lastKnownFileType = sourcecode.c.h; path = "NSObject+SBJson.h"; sourceTree = "<group>"; };
		E9BF8D51151836C700B7FBEF /* NSObject+SBJson.m */ = {isa = PBXFileReference; fileEncoding = 4; lastKnownFileType = sourcecode.c.objc; path = "NSObject+SBJson.m"; sourceTree = "<group>"; };
		E9BF8D52151836C700B7FBEF /* SBJson.h */ = {isa = PBXFileReference; fileEncoding = 4; lastKnownFileType = sourcecode.c.h; path = SBJson.h; sourceTree = "<group>"; };
		E9BF8D53151836C700B7FBEF /* SBJsonParser.h */ = {isa = PBXFileReference; fileEncoding = 4; lastKnownFileType = sourcecode.c.h; path = SBJsonParser.h; sourceTree = "<group>"; };
		E9BF8D54151836C700B7FBEF /* SBJsonParser.m */ = {isa = PBXFileReference; fileEncoding = 4; lastKnownFileType = sourcecode.c.objc; path = SBJsonParser.m; sourceTree = "<group>"; };
		E9BF8D55151836C700B7FBEF /* SBJsonStreamParser.h */ = {isa = PBXFileReference; fileEncoding = 4; lastKnownFileType = sourcecode.c.h; path = SBJsonStreamParser.h; sourceTree = "<group>"; };
		E9BF8D56151836C700B7FBEF /* SBJsonStreamParser.m */ = {isa = PBXFileReference; fileEncoding = 4; lastKnownFileType = sourcecode.c.objc; path = SBJsonStreamParser.m; sourceTree = "<group>"; };
		E9BF8D57151836C700B7FBEF /* SBJsonStreamParserAccumulator.h */ = {isa = PBXFileReference; fileEncoding = 4; lastKnownFileType = sourcecode.c.h; path = SBJsonStreamParserAccumulator.h; sourceTree = "<group>"; };
		E9BF8D58151836C700B7FBEF /* SBJsonStreamParserAccumulator.m */ = {isa = PBXFileReference; fileEncoding = 4; lastKnownFileType = sourcecode.c.objc; path = SBJsonStreamParserAccumulator.m; sourceTree = "<group>"; };
		E9BF8D59151836C700B7FBEF /* SBJsonStreamParserAdapter.h */ = {isa = PBXFileReference; fileEncoding = 4; lastKnownFileType = sourcecode.c.h; path = SBJsonStreamParserAdapter.h; sourceTree = "<group>"; };
		E9BF8D5A151836C700B7FBEF /* SBJsonStreamParserAdapter.m */ = {isa = PBXFileReference; fileEncoding = 4; lastKnownFileType = sourcecode.c.objc; path = SBJsonStreamParserAdapter.m; sourceTree = "<group>"; };
		E9BF8D5B151836C700B7FBEF /* SBJsonStreamParserState.h */ = {isa = PBXFileReference; fileEncoding = 4; lastKnownFileType = sourcecode.c.h; path = SBJsonStreamParserState.h; sourceTree = "<group>"; };
		E9BF8D5C151836C700B7FBEF /* SBJsonStreamParserState.m */ = {isa = PBXFileReference; fileEncoding = 4; lastKnownFileType = sourcecode.c.objc; path = SBJsonStreamParserState.m; sourceTree = "<group>"; };
		E9BF8D5D151836C700B7FBEF /* SBJsonStreamWriter.h */ = {isa = PBXFileReference; fileEncoding = 4; lastKnownFileType = sourcecode.c.h; path = SBJsonStreamWriter.h; sourceTree = "<group>"; };
		E9BF8D5E151836C700B7FBEF /* SBJsonStreamWriter.m */ = {isa = PBXFileReference; fileEncoding = 4; lastKnownFileType = sourcecode.c.objc; path = SBJsonStreamWriter.m; sourceTree = "<group>"; };
		E9BF8D5F151836C700B7FBEF /* SBJsonStreamWriterAccumulator.h */ = {isa = PBXFileReference; fileEncoding = 4; lastKnownFileType = sourcecode.c.h; path = SBJsonStreamWriterAccumulator.h; sourceTree = "<group>"; };
		E9BF8D60151836C700B7FBEF /* SBJsonStreamWriterAccumulator.m */ = {isa = PBXFileReference; fileEncoding = 4; lastKnownFileType = sourcecode.c.objc; path = SBJsonStreamWriterAccumulator.m; sourceTree = "<group>"; };
		E9BF8D61151836C700B7FBEF /* SBJsonStreamWriterState.h */ = {isa = PBXFileReference; fileEncoding = 4; lastKnownFileType = sourcecode.c.h; path = SBJsonStreamWriterState.h; sourceTree = "<group>"; };
		E9BF8D62151836C700B7FBEF /* SBJsonStreamWriterState.m */ = {isa = PBXFileReference; fileEncoding = 4; lastKnownFileType = sourcecode.c.objc; path = SBJsonStreamWriterState.m; sourceTree = "<group>"; };
		E9BF8D63151836C700B7FBEF /* SBJsonTokeniser.h */ = {isa = PBXFileReference; fileEncoding = 4; lastKnownFileType = sourcecode.c.h; path = SBJsonTokeniser.h; sourceTree = "<group>"; };
		E9BF8D64151836C700B7FBEF /* SBJsonTokeniser.m */ = {isa = PBXFileReference; fileEncoding = 4; lastKnownFileType = sourcecode.c.objc; path = SBJsonTokeniser.m; sourceTree = "<group>"; };
		E9BF8D65151836C700B7FBEF /* SBJsonUTF8Stream.h */ = {isa = PBXFileReference; fileEncoding = 4; lastKnownFileType = sourcecode.c.h; path = SBJsonUTF8Stream.h; sourceTree = "<group>"; };
		E9BF8D66151836C700B7FBEF /* SBJsonUTF8Stream.m */ = {isa = PBXFileReference; fileEncoding = 4; lastKnownFileType = sourcecode.c.objc; path = SBJsonUTF8Stream.m; sourceTree = "<group>"; };
		E9BF8D67151836C700B7FBEF /* SBJsonWriter.h */ = {isa = PBXFileReference; fileEncoding = 4; lastKnownFileType = sourcecode.c.h; path = SBJsonWriter.h; sourceTree = "<group>"; };
		E9BF8D68151836C700B7FBEF /* SBJsonWriter.m */ = {isa = PBXFileReference; fileEncoding = 4; lastKnownFileType = sourcecode.c.objc; path = SBJsonWriter.m; sourceTree = "<group>"; };
		E9BF8D75151836E000B7FBEF /* ASIAuthenticationDialog.h */ = {isa = PBXFileReference; fileEncoding = 4; lastKnownFileType = sourcecode.c.h; path = ASIAuthenticationDialog.h; sourceTree = "<group>"; };
		E9BF8D76151836E000B7FBEF /* ASIAuthenticationDialog.m */ = {isa = PBXFileReference; fileEncoding = 4; lastKnownFileType = sourcecode.c.objc; path = ASIAuthenticationDialog.m; sourceTree = "<group>"; };
		E9BF8D77151836E000B7FBEF /* ASICacheDelegate.h */ = {isa = PBXFileReference; fileEncoding = 4; lastKnownFileType = sourcecode.c.h; path = ASICacheDelegate.h; sourceTree = "<group>"; };
		E9BF8D78151836E000B7FBEF /* Reachability.h */ = {isa = PBXFileReference; fileEncoding = 4; lastKnownFileType = sourcecode.c.h; path = Reachability.h; sourceTree = "<group>"; };
		E9BF8D79151836E000B7FBEF /* Reachability.m */ = {isa = PBXFileReference; fileEncoding = 4; lastKnownFileType = sourcecode.c.objc; path = Reachability.m; sourceTree = "<group>"; };
		E9BF8D7A151836E000B7FBEF /* ASIDataCompressor.h */ = {isa = PBXFileReference; fileEncoding = 4; lastKnownFileType = sourcecode.c.h; path = ASIDataCompressor.h; sourceTree = "<group>"; };
		E9BF8D7B151836E000B7FBEF /* ASIDataCompressor.m */ = {isa = PBXFileReference; fileEncoding = 4; lastKnownFileType = sourcecode.c.objc; path = ASIDataCompressor.m; sourceTree = "<group>"; };
		E9BF8D7C151836E000B7FBEF /* ASIDataDecompressor.h */ = {isa = PBXFileReference; fileEncoding = 4; lastKnownFileType = sourcecode.c.h; path = ASIDataDecompressor.h; sourceTree = "<group>"; };
		E9BF8D7D151836E000B7FBEF /* ASIDataDecompressor.m */ = {isa = PBXFileReference; fileEncoding = 4; lastKnownFileType = sourcecode.c.objc; path = ASIDataDecompressor.m; sourceTree = "<group>"; };
		E9BF8D7E151836E000B7FBEF /* ASIDownloadCache.h */ = {isa = PBXFileReference; fileEncoding = 4; lastKnownFileType = sourcecode.c.h; path = ASIDownloadCache.h; sourceTree = "<group>"; };
		E9BF8D7F151836E000B7FBEF /* ASIDownloadCache.m */ = {isa = PBXFileReference; fileEncoding = 4; lastKnownFileType = sourcecode.c.objc; path = ASIDownloadCache.m; sourceTree = "<group>"; };
		E9BF8D80151836E000B7FBEF /* ASIFormDataRequest.h */ = {isa = PBXFileReference; fileEncoding = 4; lastKnownFileType = sourcecode.c.h; path = ASIFormDataRequest.h; sourceTree = "<group>"; };
		E9BF8D81151836E000B7FBEF /* ASIFormDataRequest.m */ = {isa = PBXFileReference; fileEncoding = 4; lastKnownFileType = sourcecode.c.objc; path = ASIFormDataRequest.m; sourceTree = "<group>"; };
		E9BF8D82151836E000B7FBEF /* ASIHTTPRequest.h */ = {isa = PBXFileReference; fileEncoding = 4; lastKnownFileType = sourcecode.c.h; path = ASIHTTPRequest.h; sourceTree = "<group>"; };
		E9BF8D83151836E000B7FBEF /* ASIHTTPRequest.m */ = {isa = PBXFileReference; fileEncoding = 4; lastKnownFileType = sourcecode.c.objc; path = ASIHTTPRequest.m; sourceTree = "<group>"; };
		E9BF8D84151836E000B7FBEF /* ASIHTTPRequestConfig.h */ = {isa = PBXFileReference; fileEncoding = 4; lastKnownFileType = sourcecode.c.h; path = ASIHTTPRequestConfig.h; sourceTree = "<group>"; };
		E9BF8D85151836E000B7FBEF /* ASIHTTPRequestDelegate.h */ = {isa = PBXFileReference; fileEncoding = 4; lastKnownFileType = sourcecode.c.h; path = ASIHTTPRequestDelegate.h; sourceTree = "<group>"; };
		E9BF8D86151836E000B7FBEF /* ASIInputStream.h */ = {isa = PBXFileReference; fileEncoding = 4; lastKnownFileType = sourcecode.c.h; path = ASIInputStream.h; sourceTree = "<group>"; };
		E9BF8D87151836E000B7FBEF /* ASIInputStream.m */ = {isa = PBXFileReference; fileEncoding = 4; lastKnownFileType = sourcecode.c.objc; path = ASIInputStream.m; sourceTree = "<group>"; };
		E9BF8D88151836E000B7FBEF /* ASINetworkQueue.h */ = {isa = PBXFileReference; fileEncoding = 4; lastKnownFileType = sourcecode.c.h; path = ASINetworkQueue.h; sourceTree = "<group>"; };
		E9BF8D89151836E000B7FBEF /* ASINetworkQueue.m */ = {isa = PBXFileReference; fileEncoding = 4; lastKnownFileType = sourcecode.c.objc; path = ASINetworkQueue.m; sourceTree = "<group>"; };
		E9BF8D8A151836E000B7FBEF /* ASIProgressDelegate.h */ = {isa = PBXFileReference; fileEncoding = 4; lastKnownFileType = sourcecode.c.h; path = ASIProgressDelegate.h; sourceTree = "<group>"; };
		E9BF8D941518371B00B7FBEF /* libz.1.2.5.dylib */ = {isa = PBXFileReference; lastKnownFileType = "compiled.mach-o.dylib"; name = libz.1.2.5.dylib; path = usr/lib/libz.1.2.5.dylib; sourceTree = SDKROOT; };
		E9BF8D961518372900B7FBEF /* MobileCoreServices.framework */ = {isa = PBXFileReference; lastKnownFileType = wrapper.framework; name = MobileCoreServices.framework; path = System/Library/Frameworks/MobileCoreServices.framework; sourceTree = SDKROOT; };
		E9BF8D981518373600B7FBEF /* SystemConfiguration.framework */ = {isa = PBXFileReference; lastKnownFileType = wrapper.framework; name = SystemConfiguration.framework; path = System/Library/Frameworks/SystemConfiguration.framework; sourceTree = SDKROOT; };
		E9BF8D9A1518373F00B7FBEF /* CFNetwork.framework */ = {isa = PBXFileReference; lastKnownFileType = wrapper.framework; name = CFNetwork.framework; path = System/Library/Frameworks/CFNetwork.framework; sourceTree = SDKROOT; };
		E9C19C5B15185285007DA489 /* StreetCell.xib */ = {isa = PBXFileReference; fileEncoding = 4; lastKnownFileType = file.xib; path = StreetCell.xib; sourceTree = "<group>"; };
		E9C19C5D1518542B007DA489 /* streetCover.jpg */ = {isa = PBXFileReference; lastKnownFileType = image.jpeg; path = streetCover.jpg; sourceTree = "<group>"; };
		E9C19C6715186672007DA489 /* jie-bg.png */ = {isa = PBXFileReference; lastKnownFileType = image.png; path = "jie-bg.png"; sourceTree = "<group>"; };
		E9C19C6A15188A1F007DA489 /* h1.jpg */ = {isa = PBXFileReference; lastKnownFileType = image.jpeg; path = h1.jpg; sourceTree = "<group>"; };
		E9C19C6B15188A1F007DA489 /* tiny_IROX_35135p019117.jpg */ = {isa = PBXFileReference; lastKnownFileType = image.jpeg; path = tiny_IROX_35135p019117.jpg; sourceTree = "<group>"; };
		E9C19C6C15188A1F007DA489 /* tiny_t8bL_3387n019117.jpg */ = {isa = PBXFileReference; lastKnownFileType = image.jpeg; path = tiny_t8bL_3387n019117.jpg; sourceTree = "<group>"; };
		E9C19C6D15188A1F007DA489 /* tiny_ubby_528888k019118.jpg */ = {isa = PBXFileReference; lastKnownFileType = image.jpeg; path = tiny_ubby_528888k019118.jpg; sourceTree = "<group>"; };
		E9C19C6E15188A1F007DA489 /* tiny_x7h5_142806e019118.jpg */ = {isa = PBXFileReference; lastKnownFileType = image.jpeg; path = tiny_x7h5_142806e019118.jpg; sourceTree = "<group>"; };
		E9C19C741518A7B8007DA489 /* Constants.h */ = {isa = PBXFileReference; fileEncoding = 4; lastKnownFileType = sourcecode.c.h; path = Constants.h; sourceTree = "<group>"; };
		E9C3220B15280F8C00B0EAD4 /* CommentController.h */ = {isa = PBXFileReference; fileEncoding = 4; lastKnownFileType = sourcecode.c.h; path = CommentController.h; sourceTree = "<group>"; };
		E9C3220C15280F8C00B0EAD4 /* CommentController.m */ = {isa = PBXFileReference; fileEncoding = 4; lastKnownFileType = sourcecode.c.objc; path = CommentController.m; sourceTree = "<group>"; };
		E9C3220D15280F8C00B0EAD4 /* CommentController.xib */ = {isa = PBXFileReference; fileEncoding = 4; lastKnownFileType = file.xib; path = CommentController.xib; sourceTree = "<group>"; };
		E9C322101528119700B0EAD4 /* ButtonHelper.h */ = {isa = PBXFileReference; fileEncoding = 4; lastKnownFileType = sourcecode.c.h; path = ButtonHelper.h; sourceTree = "<group>"; };
		E9C322111528119700B0EAD4 /* ButtonHelper.m */ = {isa = PBXFileReference; fileEncoding = 4; lastKnownFileType = sourcecode.c.objc; path = ButtonHelper.m; sourceTree = "<group>"; };
		E9C32214152869E500B0EAD4 /* CustomStatusBar.h */ = {isa = PBXFileReference; fileEncoding = 4; lastKnownFileType = sourcecode.c.h; path = CustomStatusBar.h; sourceTree = "<group>"; };
		E9C32215152869E500B0EAD4 /* CustomStatusBar.m */ = {isa = PBXFileReference; fileEncoding = 4; lastKnownFileType = sourcecode.c.objc; path = CustomStatusBar.m; sourceTree = "<group>"; };
		E9C32216152869E500B0EAD4 /* statusbar_background.png */ = {isa = PBXFileReference; lastKnownFileType = image.png; name = statusbar_background.png; path = CustomStatusBar/statusbar_background.png; sourceTree = "<group>"; };
		E9C3221915295DC800B0EAD4 /* CommentTableViewCell.h */ = {isa = PBXFileReference; fileEncoding = 4; lastKnownFileType = sourcecode.c.h; path = CommentTableViewCell.h; sourceTree = "<group>"; };
		E9C3221A15295DC800B0EAD4 /* CommentTableViewCell.m */ = {isa = PBXFileReference; fileEncoding = 4; lastKnownFileType = sourcecode.c.objc; path = CommentTableViewCell.m; sourceTree = "<group>"; };
		E9CE6DAD152C10BF0018362E /* GoodPublishController.h */ = {isa = PBXFileReference; fileEncoding = 4; lastKnownFileType = sourcecode.c.h; path = GoodPublishController.h; sourceTree = "<group>"; };
		E9CE6DAE152C10BF0018362E /* GoodPublishController.m */ = {isa = PBXFileReference; fileEncoding = 4; lastKnownFileType = sourcecode.c.objc; path = GoodPublishController.m; sourceTree = "<group>"; };
		E9CE6DB3152C3DDB0018362E /* TakePhotoButton.xib */ = {isa = PBXFileReference; fileEncoding = 4; lastKnownFileType = file.xib; path = TakePhotoButton.xib; sourceTree = "<group>"; };
		E9CE6DB5152C3E670018362E /* 89.jpg */ = {isa = PBXFileReference; lastKnownFileType = image.jpeg; path = 89.jpg; sourceTree = "<group>"; };
		E9CE6DB7152D54470018362E /* GoodPublishController.xib */ = {isa = PBXFileReference; fileEncoding = 4; lastKnownFileType = file.xib; path = GoodPublishController.xib; sourceTree = "<group>"; };
		E9CE6DBB152D94FC0018362E /* InfoEditTextFieldCell.h */ = {isa = PBXFileReference; fileEncoding = 4; lastKnownFileType = sourcecode.c.h; path = InfoEditTextFieldCell.h; sourceTree = "<group>"; };
		E9CE6DBC152D94FC0018362E /* InfoEditTextFieldCell.m */ = {isa = PBXFileReference; fileEncoding = 4; lastKnownFileType = sourcecode.c.objc; path = InfoEditTextFieldCell.m; sourceTree = "<group>"; };
		E9CE6DCA152D9B4B0018362E /* TextFieldTableView.xib */ = {isa = PBXFileReference; fileEncoding = 4; lastKnownFileType = file.xib; path = TextFieldTableView.xib; sourceTree = "<group>"; };
		E9E6DFAC150A0DB1000BFB89 /* navigationBarBackgroundRetro.png */ = {isa = PBXFileReference; lastKnownFileType = image.png; name = navigationBarBackgroundRetro.png; path = other/Instagram/navigationBarBackgroundRetro.png; sourceTree = "<group>"; };
		E9E6DFAE150A0DDF000BFB89 /* navigationBarBackgroundRetro@2x.png */ = {isa = PBXFileReference; lastKnownFileType = image.png; name = "navigationBarBackgroundRetro@2x.png"; path = "other/Instagram/navigationBarBackgroundRetro@2x.png"; sourceTree = "<group>"; };
		E9E6DFB4150A63E9000BFB89 /* haoduojie-logo.png */ = {isa = PBXFileReference; lastKnownFileType = image.png; path = "haoduojie-logo.png"; sourceTree = "<group>"; };
		E9E6DFBA150B1876000BFB89 /* HaoduojieNavigationController.h */ = {isa = PBXFileReference; fileEncoding = 4; lastKnownFileType = sourcecode.c.h; path = HaoduojieNavigationController.h; sourceTree = "<group>"; };
		E9E6DFBB150B1876000BFB89 /* HaoduojieNavigationController.m */ = {isa = PBXFileReference; fileEncoding = 4; lastKnownFileType = sourcecode.c.objc; path = HaoduojieNavigationController.m; sourceTree = "<group>"; };
		E9E6DFC2150B63FD000BFB89 /* QuartzCore.framework */ = {isa = PBXFileReference; lastKnownFileType = wrapper.framework; name = QuartzCore.framework; path = System/Library/Frameworks/QuartzCore.framework; sourceTree = SDKROOT; };
		E9F97A27150D01620049DD60 /* 1.jpg */ = {isa = PBXFileReference; lastKnownFileType = image.jpeg; path = 1.jpg; sourceTree = "<group>"; };
		E9F97A28150D01620049DD60 /* 2.jpg */ = {isa = PBXFileReference; lastKnownFileType = image.jpeg; path = 2.jpg; sourceTree = "<group>"; };
		E9F97A29150D01620049DD60 /* 3.jpg */ = {isa = PBXFileReference; lastKnownFileType = image.jpeg; path = 3.jpg; sourceTree = "<group>"; };
		E9F97A2A150D01620049DD60 /* 4.jpg */ = {isa = PBXFileReference; lastKnownFileType = image.jpeg; path = 4.jpg; sourceTree = "<group>"; };
		E9F97A2B150D01620049DD60 /* 5.jpg */ = {isa = PBXFileReference; lastKnownFileType = image.jpeg; path = 5.jpg; sourceTree = "<group>"; };
		E9F97A2C150D01620049DD60 /* 6.jpg */ = {isa = PBXFileReference; lastKnownFileType = image.jpeg; path = 6.jpg; sourceTree = "<group>"; };
		E9F97A2D150D01620049DD60 /* 7.jpg */ = {isa = PBXFileReference; lastKnownFileType = image.jpeg; path = 7.jpg; sourceTree = "<group>"; };
		E9F97A2E150D01620049DD60 /* 8.jpg */ = {isa = PBXFileReference; lastKnownFileType = image.jpeg; path = 8.jpg; sourceTree = "<group>"; };
		E9F97A2F150D01620049DD60 /* 9.jpg */ = {isa = PBXFileReference; lastKnownFileType = image.jpeg; path = 9.jpg; sourceTree = "<group>"; };
		E9F97A30150D01620049DD60 /* 10.jpg */ = {isa = PBXFileReference; lastKnownFileType = image.jpeg; path = 10.jpg; sourceTree = "<group>"; };
		E9F97A31150D01620049DD60 /* 11.jpg */ = {isa = PBXFileReference; lastKnownFileType = image.jpeg; path = 11.jpg; sourceTree = "<group>"; };
		E9F97A32150D01620049DD60 /* 12.jpg */ = {isa = PBXFileReference; lastKnownFileType = image.jpeg; path = 12.jpg; sourceTree = "<group>"; };
		E9F97A33150D01620049DD60 /* 13.jpg */ = {isa = PBXFileReference; lastKnownFileType = image.jpeg; path = 13.jpg; sourceTree = "<group>"; };
		E9F97A34150D01620049DD60 /* 14.jpg */ = {isa = PBXFileReference; lastKnownFileType = image.jpeg; path = 14.jpg; sourceTree = "<group>"; };
/* End PBXFileReference section */

/* Begin PBXFrameworksBuildPhase section */
		E944F7B414FC87CE00DD5DE4 /* Frameworks */ = {
			isa = PBXFrameworksBuildPhase;
			buildActionMask = 2147483647;
			files = (
				E9BF8D9B1518373F00B7FBEF /* CFNetwork.framework in Frameworks */,
				E9BF8D991518373600B7FBEF /* SystemConfiguration.framework in Frameworks */,
				E9BF8D971518372900B7FBEF /* MobileCoreServices.framework in Frameworks */,
				E9BF8D951518371B00B7FBEF /* libz.1.2.5.dylib in Frameworks */,
				E9E6DFC3150B63FD000BFB89 /* QuartzCore.framework in Frameworks */,
				E944F7BC14FC87CE00DD5DE4 /* UIKit.framework in Frameworks */,
				E944F7BE14FC87CE00DD5DE4 /* Foundation.framework in Frameworks */,
				E944F7C014FC87CE00DD5DE4 /* CoreGraphics.framework in Frameworks */,
			);
			runOnlyForDeploymentPostprocessing = 0;
		};
/* End PBXFrameworksBuildPhase section */

/* Begin PBXGroup section */
		E90DEF8514FFC5B10041C559 /* delegate */ = {
			isa = PBXGroup;
			children = (
				E944F7CA14FC87CE00DD5DE4 /* haoduojieAppDelegate.h */,
				E944F7CB14FC87CE00DD5DE4 /* haoduojieAppDelegate.m */,
			);
			name = delegate;
			sourceTree = "<group>";
		};
		E944F7AC14FC87CD00DD5DE4 = {
			isa = PBXGroup;
			children = (
				E944F7C114FC87CE00DD5DE4 /* haoduojie */,
				E944F7BA14FC87CE00DD5DE4 /* Frameworks */,
				E944F7B814FC87CE00DD5DE4 /* Products */,
			);
			sourceTree = "<group>";
		};
		E944F7B814FC87CE00DD5DE4 /* Products */ = {
			isa = PBXGroup;
			children = (
				E944F7B714FC87CE00DD5DE4 /* haoduojie.app */,
			);
			name = Products;
			sourceTree = "<group>";
		};
		E944F7BA14FC87CE00DD5DE4 /* Frameworks */ = {
			isa = PBXGroup;
			children = (
				E9BF8D9A1518373F00B7FBEF /* CFNetwork.framework */,
				E9BF8D981518373600B7FBEF /* SystemConfiguration.framework */,
				E9BF8D961518372900B7FBEF /* MobileCoreServices.framework */,
				E9BF8D941518371B00B7FBEF /* libz.1.2.5.dylib */,
				E9E6DFC2150B63FD000BFB89 /* QuartzCore.framework */,
				E944F7BB14FC87CE00DD5DE4 /* UIKit.framework */,
				E944F7BD14FC87CE00DD5DE4 /* Foundation.framework */,
				E944F7BF14FC87CE00DD5DE4 /* CoreGraphics.framework */,
			);
			name = Frameworks;
			sourceTree = "<group>";
		};
		E944F7C114FC87CE00DD5DE4 /* haoduojie */ = {
			isa = PBXGroup;
			children = (
				E944F7DA14FC983000DD5DE4 /* img */,
				E9B205C71526FAC500FC4891 /* tool */,
				E9BF8D41151835EC00B7FBEF /* lib */,
				E9F97A21150CDE6D0049DD60 /* common */,
				E90DEF8514FFC5B10041C559 /* delegate */,
				E944F7D914FC88D800DD5DE4 /* xib */,
				E944F7D814FC88CC00DD5DE4 /* controller */,
				E944F7C214FC87CE00DD5DE4 /* Supporting Files */,
			);
			path = haoduojie;
			sourceTree = "<group>";
		};
		E944F7C214FC87CE00DD5DE4 /* Supporting Files */ = {
			isa = PBXGroup;
			children = (
				E944F7C314FC87CE00DD5DE4 /* haoduojie-Info.plist */,
				E944F7C414FC87CE00DD5DE4 /* InfoPlist.strings */,
				E944F7C714FC87CE00DD5DE4 /* main.m */,
				E944F7C914FC87CE00DD5DE4 /* haoduojie-Prefix.pch */,
			);
			name = "Supporting Files";
			sourceTree = "<group>";
		};
		E944F7D814FC88CC00DD5DE4 /* controller */ = {
			isa = PBXGroup;
			children = (
				E90DEF9215006A4E0041C559 /* PublishController.h */,
				E90DEF9315006A4E0041C559 /* PublishController.m */,
				E90DEF88150069900041C559 /* PhotoFlowController.h */,
				E90DEF89150069900041C559 /* PhotoFlowController.m */,
				E90DEF8D150069BD0041C559 /* DiscoverController.h */,
				E90DEF8E150069BD0041C559 /* DiscoverController.m */,
				E90DEF9815006A870041C559 /* MessageController.m */,
				E90DEF9715006A870041C559 /* MessageController.h */,
				E90DEF9C15006ACE0041C559 /* AccountController.h */,
				E90DEF9D15006ACE0041C559 /* AccountController.m */,
				E9085F1115008F6900AE730E /* DatePickerViewController.h */,
				E9085F1215008F6900AE730E /* DatePickerViewController.m */,
				E9A9BA041505BAEC00B1B55C /* MyFavStreetsViewController.h */,
				E9A9BA051505BAEC00B1B55C /* MyFavStreetsViewController.m */,
				E9A9BA071505BB0600B1B55C /* MyStreetsViewController.h */,
				E9A9BA081505BB0600B1B55C /* MyStreetsViewController.m */,
				E9E6DFBA150B1876000BFB89 /* HaoduojieNavigationController.h */,
				E9E6DFBB150B1876000BFB89 /* HaoduojieNavigationController.m */,
				E96B91CC151C327000E2E96F /* FlowBoard.h */,
				E96B91CD151C327100E2E96F /* FlowBoard.m */,
				E91EF6BE15259C2400A692B3 /* GoodDetailController.h */,
				E91EF6BF15259C2400A692B3 /* GoodDetailController.m */,
				E9C3220B15280F8C00B0EAD4 /* CommentController.h */,
				E9C3220C15280F8C00B0EAD4 /* CommentController.m */,
				E9CE6DAD152C10BF0018362E /* GoodPublishController.h */,
				E9CE6DAE152C10BF0018362E /* GoodPublishController.m */,
			);
			name = controller;
			sourceTree = "<group>";
		};
		E944F7D914FC88D800DD5DE4 /* xib */ = {
			isa = PBXGroup;
			children = (
				E96B91C5151B2DB800E2E96F /* StreetCell-my.xib */,
				E9085F1315008F6900AE730E /* DatePickerViewController.xib */,
				E90DEF8F150069BD0041C559 /* DiscoverController.xib */,
				E90DEF8A150069900041C559 /* PhotoFlowController.xib */,
				E90DEF9415006A4E0041C559 /* PublishController.xib */,
				E90DEF9915006A880041C559 /* MessageController.xib */,
				E90DEF9E15006ACE0041C559 /* AccountController.xib */,
				E98AA7221503B4F1008B2B93 /* MainWindow.xib */,
				E9C19C5B15185285007DA489 /* StreetCell.xib */,
				E96B91CE151C327100E2E96F /* FlowBoard.xib */,
				E96B91D9151CE2AA00E2E96F /* DiscoverCell.xib */,
				E91EF6C015259C2500A692B3 /* GoodDetailController.xib */,
				E90CB1DA15275A9A00BECD00 /* LeaveAComment.xib */,
				E9C3220D15280F8C00B0EAD4 /* CommentController.xib */,
				E91EF6C81526EB7500A692B3 /* CommentTableViewCell.xib */,
				E9814371152961C000240DE3 /* CommentCell.xib */,
				E981437A1529989E00240DE3 /* InfoScrollView.xib */,
				E934675C152ABBBA007772E3 /* DetailCell.xib */,
				E9CE6DB3152C3DDB0018362E /* TakePhotoButton.xib */,
				E9CE6DB7152D54470018362E /* GoodPublishController.xib */,
				E9CE6DCA152D9B4B0018362E /* TextFieldTableView.xib */,
				E9AB42B4152DEBE900221F8E /* SwitchTableViewCell.xib */,
			);
			name = xib;
			sourceTree = "<group>";
		};
		E944F7DA14FC983000DD5DE4 /* img */ = {
			isa = PBXGroup;
			children = (
				E9C32216152869E500B0EAD4 /* statusbar_background.png */,
				E91EF6C41525D64E00A692B3 /* 129-golf.png */,
				E91EF6C51525D64E00A692B3 /* 130-dice.png */,
				E9C19C69151889F6007DA489 /* head */,
				E9C19C6715186672007DA489 /* jie-bg.png */,
				E9C19C5D1518542B007DA489 /* streetCover.jpg */,
				E9F97A26150D01230049DD60 /* example */,
				E911E2A3150C6D2C007F5F93 /* jie-bg2.png */,
				E9E6DFB4150A63E9000BFB89 /* haoduojie-logo.png */,
				E9E6DFAC150A0DB1000BFB89 /* navigationBarBackgroundRetro.png */,
				E9E6DFAE150A0DDF000BFB89 /* navigationBarBackgroundRetro@2x.png */,
				E9755CEA1509CFD300E062BC /* 17.png */,
				E9A9B9F51505B74100B1B55C /* 14-tag.png */,
				E9A9B9F61505B74100B1B55C /* 19-gear.png */,
				E9A9B9F71505B74100B1B55C /* 24-gift.png */,
				E9A9B9F81505B74100B1B55C /* 29-heart.png */,
				E9A9B9F91505B74100B1B55C /* 34-coffee.png */,
				E9A9B9FA1505B74100B1B55C /* 60-signpost.png */,
				E9A9B9FB1505B74100B1B55C /* 172-pricetag.png */,
				E90DEF8614FFC7120041C559 /* 163-glasses-1.png */,
				E90DEF6A14FFB8C70041C559 /* 07-map-marker.png */,
				E90DEF6B14FFB8C70041C559 /* 09-chat-2.png */,
				E90DEF6C14FFB8C70041C559 /* 72-pin.png */,
				E90DEF6D14FFB8C70041C559 /* 86-camera.png */,
				E90DEF6E14FFB8C70041C559 /* 112-group.png */,
				E90DEF6F14FFB8C70041C559 /* 157-wrench.png */,
				E90DEF7014FFB8C70041C559 /* 168-upload-photo-2.png */,
				E90DEF7114FFB8C70041C559 /* 192-credit-card.png */,
				E944F7DB14FC987600DD5DE4 /* x_large_1wYX_61f900001d331262.jpg */,
			);
			name = img;
			sourceTree = "<group>";
		};
		E9B205C71526FAC500FC4891 /* tool */ = {
			isa = PBXGroup;
			children = (
				E90CB1D61526FF2600BECD00 /* Tools.h */,
				E90CB1D71526FF2600BECD00 /* Tools.m */,
			);
			name = tool;
			sourceTree = "<group>";
		};
		E9BF8D41151835EC00B7FBEF /* lib */ = {
			isa = PBXGroup;
			children = (
				E9C19C741518A7B8007DA489 /* Constants.h */,
				E96B91D6151CDCCE00E2E96F /* HTTP.h */,
				E96B91D7151CDCCE00E2E96F /* HTTP.m */,
				E91EF6B115247D9C00A692B3 /* ImageLoader.h */,
				E91EF6B215247D9C00A692B3 /* ImageLoader.m */,
				E9BF8D4F151836A300B7FBEF /* asihttprequest */,
				E9BF8D4E1518369300B7FBEF /* json */,
				E9BF8D491518361400B7FBEF /* ImageFlower */,
			);
			name = lib;
			sourceTree = "<group>";
		};
		E9BF8D491518361400B7FBEF /* ImageFlower */ = {
			isa = PBXGroup;
			children = (
				E9BF8D431518360800B7FBEF /* ImageFlow.h */,
				E9BF8D441518360800B7FBEF /* ImageFlow.m */,
				E9BF8D451518360800B7FBEF /* ImageFlower.h */,
				E9BF8D461518360800B7FBEF /* ImageFlower.m */,
				E91EF64F151F61EB00A692B3 /* ImageFlowDelegate.h */,
				E91EF651151F625900A692B3 /* ImageFlowDataSource.h */,
				E91EF6C31525BE3800A692B3 /* ImageFlowerDelegate.h */,
			);
			name = ImageFlower;
			sourceTree = "<group>";
		};
		E9BF8D4E1518369300B7FBEF /* json */ = {
			isa = PBXGroup;
			children = (
				E9BF8D50151836C700B7FBEF /* NSObject+SBJson.h */,
				E9BF8D51151836C700B7FBEF /* NSObject+SBJson.m */,
				E9BF8D52151836C700B7FBEF /* SBJson.h */,
				E9BF8D53151836C700B7FBEF /* SBJsonParser.h */,
				E9BF8D54151836C700B7FBEF /* SBJsonParser.m */,
				E9BF8D55151836C700B7FBEF /* SBJsonStreamParser.h */,
				E9BF8D56151836C700B7FBEF /* SBJsonStreamParser.m */,
				E9BF8D57151836C700B7FBEF /* SBJsonStreamParserAccumulator.h */,
				E9BF8D58151836C700B7FBEF /* SBJsonStreamParserAccumulator.m */,
				E9BF8D59151836C700B7FBEF /* SBJsonStreamParserAdapter.h */,
				E9BF8D5A151836C700B7FBEF /* SBJsonStreamParserAdapter.m */,
				E9BF8D5B151836C700B7FBEF /* SBJsonStreamParserState.h */,
				E9BF8D5C151836C700B7FBEF /* SBJsonStreamParserState.m */,
				E9BF8D5D151836C700B7FBEF /* SBJsonStreamWriter.h */,
				E9BF8D5E151836C700B7FBEF /* SBJsonStreamWriter.m */,
				E9BF8D5F151836C700B7FBEF /* SBJsonStreamWriterAccumulator.h */,
				E9BF8D60151836C700B7FBEF /* SBJsonStreamWriterAccumulator.m */,
				E9BF8D61151836C700B7FBEF /* SBJsonStreamWriterState.h */,
				E9BF8D62151836C700B7FBEF /* SBJsonStreamWriterState.m */,
				E9BF8D63151836C700B7FBEF /* SBJsonTokeniser.h */,
				E9BF8D64151836C700B7FBEF /* SBJsonTokeniser.m */,
				E9BF8D65151836C700B7FBEF /* SBJsonUTF8Stream.h */,
				E9BF8D66151836C700B7FBEF /* SBJsonUTF8Stream.m */,
				E9BF8D67151836C700B7FBEF /* SBJsonWriter.h */,
				E9BF8D68151836C700B7FBEF /* SBJsonWriter.m */,
			);
			name = json;
			sourceTree = "<group>";
		};
		E9BF8D4F151836A300B7FBEF /* asihttprequest */ = {
			isa = PBXGroup;
			children = (
				E9BF8D75151836E000B7FBEF /* ASIAuthenticationDialog.h */,
				E9BF8D76151836E000B7FBEF /* ASIAuthenticationDialog.m */,
				E9BF8D77151836E000B7FBEF /* ASICacheDelegate.h */,
				E9BF8D78151836E000B7FBEF /* Reachability.h */,
				E9BF8D79151836E000B7FBEF /* Reachability.m */,
				E9BF8D7A151836E000B7FBEF /* ASIDataCompressor.h */,
				E9BF8D7B151836E000B7FBEF /* ASIDataCompressor.m */,
				E9BF8D7C151836E000B7FBEF /* ASIDataDecompressor.h */,
				E9BF8D7D151836E000B7FBEF /* ASIDataDecompressor.m */,
				E9BF8D7E151836E000B7FBEF /* ASIDownloadCache.h */,
				E9BF8D7F151836E000B7FBEF /* ASIDownloadCache.m */,
				E9BF8D80151836E000B7FBEF /* ASIFormDataRequest.h */,
				E9BF8D81151836E000B7FBEF /* ASIFormDataRequest.m */,
				E9BF8D82151836E000B7FBEF /* ASIHTTPRequest.h */,
				E9BF8D83151836E000B7FBEF /* ASIHTTPRequest.m */,
				E9BF8D84151836E000B7FBEF /* ASIHTTPRequestConfig.h */,
				E9BF8D85151836E000B7FBEF /* ASIHTTPRequestDelegate.h */,
				E9BF8D86151836E000B7FBEF /* ASIInputStream.h */,
				E9BF8D87151836E000B7FBEF /* ASIInputStream.m */,
				E9BF8D88151836E000B7FBEF /* ASINetworkQueue.h */,
				E9BF8D89151836E000B7FBEF /* ASINetworkQueue.m */,
				E9BF8D8A151836E000B7FBEF /* ASIProgressDelegate.h */,
			);
			name = asihttprequest;
			sourceTree = "<group>";
		};
		E9C19C69151889F6007DA489 /* head */ = {
			isa = PBXGroup;
			children = (
				E9C19C6A15188A1F007DA489 /* h1.jpg */,
				E9C19C6B15188A1F007DA489 /* tiny_IROX_35135p019117.jpg */,
				E9C19C6C15188A1F007DA489 /* tiny_t8bL_3387n019117.jpg */,
				E9C19C6D15188A1F007DA489 /* tiny_ubby_528888k019118.jpg */,
				E9C19C6E15188A1F007DA489 /* tiny_x7h5_142806e019118.jpg */,
			);
			name = head;
			sourceTree = "<group>";
		};
		E9C32213152869E500B0EAD4 /* CustomStatusBar */ = {
			isa = PBXGroup;
			children = (
				E9C32214152869E500B0EAD4 /* CustomStatusBar.h */,
				E9C32215152869E500B0EAD4 /* CustomStatusBar.m */,
			);
			path = CustomStatusBar;
			sourceTree = "<group>";
		};
		E9F97A21150CDE6D0049DD60 /* common */ = {
			isa = PBXGroup;
			children = (
				E937B4F0152AAF5E007A3B94 /* Detail.h */,
				E937B4F1152AAF5E007A3B94 /* Detail.m */,
				E9C32213152869E500B0EAD4 /* CustomStatusBar */,
				E9C322101528119700B0EAD4 /* ButtonHelper.h */,
				E9C322111528119700B0EAD4 /* ButtonHelper.m */,
				E96B91DB151E028F00E2E96F /* DicoverTableCell.h */,
				E96B91DC151E028F00E2E96F /* DicoverTableCell.m */,
				E91EF647151F16B100A692B3 /* DiscoverButton.h */,
				E91EF648151F16B200A692B3 /* DiscoverButton.m */,
				E91EF655151F8A3000A692B3 /* ImageFlowerButton.h */,
				E91EF656151F8A3000A692B3 /* ImageFlowerButton.m */,
				E91EF6BB1524B6EC00A692B3 /* Good.h */,
				E91EF6BC1524B6EC00A692B3 /* Good.m */,
				E9C3221915295DC800B0EAD4 /* CommentTableViewCell.h */,
				E9C3221A15295DC800B0EAD4 /* CommentTableViewCell.m */,
				E98143741529641A00240DE3 /* CommentCell.h */,
				E98143751529641A00240DE3 /* CommentCell.m */,
				E98143771529987000240DE3 /* InfoScrollView.h */,
				E98143781529987000240DE3 /* InfoScrollView.m */,
				E981437C152999D400240DE3 /* InfoScrollViewDelegate.h */,
				E9CE6DBB152D94FC0018362E /* InfoEditTextFieldCell.h */,
				E9CE6DBC152D94FC0018362E /* InfoEditTextFieldCell.m */,
				E9AB42B7152DECB000221F8E /* SwitchFieldTableViewCell.h */,
				E9AB42B8152DECB000221F8E /* SwitchFieldTableViewCell.m */,
			);
			name = common;
			sourceTree = "<group>";
		};
		E9F97A26150D01230049DD60 /* example */ = {
			isa = PBXGroup;
			children = (
				E9CE6DB5152C3E670018362E /* 89.jpg */,
				E9F97A27150D01620049DD60 /* 1.jpg */,
				E9F97A28150D01620049DD60 /* 2.jpg */,
				E9F97A29150D01620049DD60 /* 3.jpg */,
				E9F97A2A150D01620049DD60 /* 4.jpg */,
				E9F97A2B150D01620049DD60 /* 5.jpg */,
				E9F97A2C150D01620049DD60 /* 6.jpg */,
				E9F97A2D150D01620049DD60 /* 7.jpg */,
				E9F97A2E150D01620049DD60 /* 8.jpg */,
				E9F97A2F150D01620049DD60 /* 9.jpg */,
				E9F97A30150D01620049DD60 /* 10.jpg */,
				E9F97A31150D01620049DD60 /* 11.jpg */,
				E9F97A32150D01620049DD60 /* 12.jpg */,
				E9F97A33150D01620049DD60 /* 13.jpg */,
				E9F97A34150D01620049DD60 /* 14.jpg */,
			);
			name = example;
			sourceTree = "<group>";
		};
/* End PBXGroup section */

/* Begin PBXNativeTarget section */
		E944F7B614FC87CE00DD5DE4 /* haoduojie */ = {
			isa = PBXNativeTarget;
			buildConfigurationList = E944F7D514FC87CE00DD5DE4 /* Build configuration list for PBXNativeTarget "haoduojie" */;
			buildPhases = (
				E944F7B314FC87CE00DD5DE4 /* Sources */,
				E944F7B414FC87CE00DD5DE4 /* Frameworks */,
				E944F7B514FC87CE00DD5DE4 /* Resources */,
			);
			buildRules = (
			);
			dependencies = (
			);
			name = haoduojie;
			productName = haoduojie;
			productReference = E944F7B714FC87CE00DD5DE4 /* haoduojie.app */;
			productType = "com.apple.product-type.application";
		};
/* End PBXNativeTarget section */

/* Begin PBXProject section */
		E944F7AE14FC87CD00DD5DE4 /* Project object */ = {
			isa = PBXProject;
			attributes = {
				LastUpgradeCheck = 0420;
			};
			buildConfigurationList = E944F7B114FC87CD00DD5DE4 /* Build configuration list for PBXProject "haoduojie" */;
			compatibilityVersion = "Xcode 3.2";
			developmentRegion = English;
			hasScannedForEncodings = 0;
			knownRegions = (
				en,
			);
			mainGroup = E944F7AC14FC87CD00DD5DE4;
			productRefGroup = E944F7B814FC87CE00DD5DE4 /* Products */;
			projectDirPath = "";
			projectRoot = "";
			targets = (
				E944F7B614FC87CE00DD5DE4 /* haoduojie */,
			);
		};
/* End PBXProject section */

/* Begin PBXResourcesBuildPhase section */
		E944F7B514FC87CE00DD5DE4 /* Resources */ = {
			isa = PBXResourcesBuildPhase;
			buildActionMask = 2147483647;
			files = (
				E944F7C614FC87CE00DD5DE4 /* InfoPlist.strings in Resources */,
				E944F7DC14FC987600DD5DE4 /* x_large_1wYX_61f900001d331262.jpg in Resources */,
				E90DEF7214FFB8C70041C559 /* 07-map-marker.png in Resources */,
				E90DEF7314FFB8C70041C559 /* 09-chat-2.png in Resources */,
				E90DEF7414FFB8C70041C559 /* 72-pin.png in Resources */,
				E90DEF7514FFB8C70041C559 /* 86-camera.png in Resources */,
				E90DEF7614FFB8C70041C559 /* 112-group.png in Resources */,
				E90DEF7714FFB8C70041C559 /* 157-wrench.png in Resources */,
				E90DEF7814FFB8C70041C559 /* 168-upload-photo-2.png in Resources */,
				E90DEF7914FFB8C70041C559 /* 192-credit-card.png in Resources */,
				E90DEF8714FFC7120041C559 /* 163-glasses-1.png in Resources */,
				E90DEF8C150069900041C559 /* PhotoFlowController.xib in Resources */,
				E90DEF91150069BD0041C559 /* DiscoverController.xib in Resources */,
				E90DEF9615006A4E0041C559 /* PublishController.xib in Resources */,
				E90DEF9B15006A880041C559 /* MessageController.xib in Resources */,
				E90DEFA015006ACE0041C559 /* AccountController.xib in Resources */,
				E9085F1515008F6900AE730E /* DatePickerViewController.xib in Resources */,
				E98AA7231503B4F1008B2B93 /* MainWindow.xib in Resources */,
				E9A9B9FC1505B74100B1B55C /* 14-tag.png in Resources */,
				E9A9B9FD1505B74100B1B55C /* 19-gear.png in Resources */,
				E9A9B9FE1505B74100B1B55C /* 24-gift.png in Resources */,
				E9A9B9FF1505B74100B1B55C /* 29-heart.png in Resources */,
				E9A9BA001505B74100B1B55C /* 34-coffee.png in Resources */,
				E9A9BA011505B74100B1B55C /* 60-signpost.png in Resources */,
				E9A9BA021505B74100B1B55C /* 172-pricetag.png in Resources */,
				E9755CEB1509CFD300E062BC /* 17.png in Resources */,
				E9E6DFAD150A0DB2000BFB89 /* navigationBarBackgroundRetro.png in Resources */,
				E9E6DFAF150A0DDF000BFB89 /* navigationBarBackgroundRetro@2x.png in Resources */,
				E9E6DFB5150A63E9000BFB89 /* haoduojie-logo.png in Resources */,
				E911E2A4150C6D2C007F5F93 /* jie-bg2.png in Resources */,
				E9F97A35150D01620049DD60 /* 1.jpg in Resources */,
				E9F97A36150D01620049DD60 /* 2.jpg in Resources */,
				E9F97A37150D01620049DD60 /* 3.jpg in Resources */,
				E9F97A38150D01620049DD60 /* 4.jpg in Resources */,
				E9F97A39150D01620049DD60 /* 5.jpg in Resources */,
				E9F97A3A150D01620049DD60 /* 6.jpg in Resources */,
				E9F97A3B150D01620049DD60 /* 7.jpg in Resources */,
				E9F97A3C150D01620049DD60 /* 8.jpg in Resources */,
				E9F97A3D150D01620049DD60 /* 9.jpg in Resources */,
				E9F97A3E150D01620049DD60 /* 10.jpg in Resources */,
				E9F97A3F150D01620049DD60 /* 11.jpg in Resources */,
				E9F97A40150D01620049DD60 /* 12.jpg in Resources */,
				E9F97A41150D01620049DD60 /* 13.jpg in Resources */,
				E9F97A42150D01620049DD60 /* 14.jpg in Resources */,
				E9C19C5C15185285007DA489 /* StreetCell.xib in Resources */,
				E9C19C5E1518542B007DA489 /* streetCover.jpg in Resources */,
				E9C19C6815186672007DA489 /* jie-bg.png in Resources */,
				E9C19C6F15188A1F007DA489 /* h1.jpg in Resources */,
				E9C19C7015188A1F007DA489 /* tiny_IROX_35135p019117.jpg in Resources */,
				E9C19C7115188A1F007DA489 /* tiny_t8bL_3387n019117.jpg in Resources */,
				E9C19C7215188A1F007DA489 /* tiny_ubby_528888k019118.jpg in Resources */,
				E9C19C7315188A1F007DA489 /* tiny_x7h5_142806e019118.jpg in Resources */,
				E96B91C6151B2DB800E2E96F /* StreetCell-my.xib in Resources */,
				E96B91D0151C327100E2E96F /* FlowBoard.xib in Resources */,
				E96B91DA151CE2AB00E2E96F /* DiscoverCell.xib in Resources */,
				E91EF6C215259C2700A692B3 /* GoodDetailController.xib in Resources */,
				E91EF6C61525D64E00A692B3 /* 129-golf.png in Resources */,
				E91EF6C71525D64E00A692B3 /* 130-dice.png in Resources */,
				E91EF6C91526EB7600A692B3 /* CommentTableViewCell.xib in Resources */,
				E90CB1DB15275A9A00BECD00 /* LeaveAComment.xib in Resources */,
				E9C3220F15280F8C00B0EAD4 /* CommentController.xib in Resources */,
				E9C32218152869E500B0EAD4 /* statusbar_background.png in Resources */,
				E9814372152961C000240DE3 /* CommentCell.xib in Resources */,
				E981437B1529989E00240DE3 /* InfoScrollView.xib in Resources */,
				E934675D152ABBBA007772E3 /* DetailCell.xib in Resources */,
				E9CE6DB4152C3DDB0018362E /* TakePhotoButton.xib in Resources */,
				E9CE6DB6152C3E670018362E /* 89.jpg in Resources */,
				E9CE6DB8152D54470018362E /* GoodPublishController.xib in Resources */,
				E9CE6DCB152D9B4B0018362E /* TextFieldTableView.xib in Resources */,
				E9AB42B5152DEBE900221F8E /* SwitchTableViewCell.xib in Resources */,
			);
			runOnlyForDeploymentPostprocessing = 0;
		};
/* End PBXResourcesBuildPhase section */

/* Begin PBXSourcesBuildPhase section */
		E944F7B314FC87CE00DD5DE4 /* Sources */ = {
			isa = PBXSourcesBuildPhase;
			buildActionMask = 2147483647;
			files = (
				E944F7C814FC87CE00DD5DE4 /* main.m in Sources */,
				E944F7CC14FC87CE00DD5DE4 /* haoduojieAppDelegate.m in Sources */,
				E90DEF8B150069900041C559 /* PhotoFlowController.m in Sources */,
				E90DEF90150069BD0041C559 /* DiscoverController.m in Sources */,
				E90DEF9515006A4E0041C559 /* PublishController.m in Sources */,
				E90DEF9A15006A880041C559 /* MessageController.m in Sources */,
				E90DEF9F15006ACE0041C559 /* AccountController.m in Sources */,
				E9085F1415008F6900AE730E /* DatePickerViewController.m in Sources */,
				E9A9BA061505BAEC00B1B55C /* MyFavStreetsViewController.m in Sources */,
				E9A9BA091505BB0600B1B55C /* MyStreetsViewController.m in Sources */,
				E9E6DFBC150B1876000BFB89 /* HaoduojieNavigationController.m in Sources */,
				E9BF8D471518360800B7FBEF /* ImageFlow.m in Sources */,
				E9BF8D481518360800B7FBEF /* ImageFlower.m in Sources */,
				E9BF8D69151836C700B7FBEF /* NSObject+SBJson.m in Sources */,
				E9BF8D6A151836C700B7FBEF /* SBJsonParser.m in Sources */,
				E9BF8D6B151836C700B7FBEF /* SBJsonStreamParser.m in Sources */,
				E9BF8D6C151836C700B7FBEF /* SBJsonStreamParserAccumulator.m in Sources */,
				E9BF8D6D151836C700B7FBEF /* SBJsonStreamParserAdapter.m in Sources */,
				E9BF8D6E151836C700B7FBEF /* SBJsonStreamParserState.m in Sources */,
				E9BF8D6F151836C700B7FBEF /* SBJsonStreamWriter.m in Sources */,
				E9BF8D70151836C700B7FBEF /* SBJsonStreamWriterAccumulator.m in Sources */,
				E9BF8D71151836C700B7FBEF /* SBJsonStreamWriterState.m in Sources */,
				E9BF8D72151836C700B7FBEF /* SBJsonTokeniser.m in Sources */,
				E9BF8D73151836C700B7FBEF /* SBJsonUTF8Stream.m in Sources */,
				E9BF8D74151836C700B7FBEF /* SBJsonWriter.m in Sources */,
				E9BF8D8B151836E000B7FBEF /* ASIAuthenticationDialog.m in Sources */,
				E9BF8D8C151836E000B7FBEF /* Reachability.m in Sources */,
				E9BF8D8D151836E000B7FBEF /* ASIDataCompressor.m in Sources */,
				E9BF8D8E151836E000B7FBEF /* ASIDataDecompressor.m in Sources */,
				E9BF8D8F151836E000B7FBEF /* ASIDownloadCache.m in Sources */,
				E9BF8D90151836E000B7FBEF /* ASIFormDataRequest.m in Sources */,
				E9BF8D91151836E000B7FBEF /* ASIHTTPRequest.m in Sources */,
				E9BF8D92151836E000B7FBEF /* ASIInputStream.m in Sources */,
				E9BF8D93151836E000B7FBEF /* ASINetworkQueue.m in Sources */,
				E96B91CF151C327100E2E96F /* FlowBoard.m in Sources */,
				E96B91D8151CDCCF00E2E96F /* HTTP.m in Sources */,
				E96B91DD151E028F00E2E96F /* DicoverTableCell.m in Sources */,
				E91EF649151F16B200A692B3 /* DiscoverButton.m in Sources */,
				E91EF657151F8A3100A692B3 /* ImageFlowerButton.m in Sources */,
				E91EF6B315247D9D00A692B3 /* ImageLoader.m in Sources */,
				E91EF6BD1524B6ED00A692B3 /* Good.m in Sources */,
				E91EF6C115259C2700A692B3 /* GoodDetailController.m in Sources */,
				E90CB1D81526FF2600BECD00 /* Tools.m in Sources */,
				E9C3220E15280F8C00B0EAD4 /* CommentController.m in Sources */,
				E9C322121528119700B0EAD4 /* ButtonHelper.m in Sources */,
				E9C32217152869E500B0EAD4 /* CustomStatusBar.m in Sources */,
				E9C3221B15295DC900B0EAD4 /* CommentTableViewCell.m in Sources */,
				E98143761529641A00240DE3 /* CommentCell.m in Sources */,
				E98143791529987000240DE3 /* InfoScrollView.m in Sources */,
				E937B4F2152AAF5E007A3B94 /* Detail.m in Sources */,
				E9CE6DB0152C10BF0018362E /* GoodPublishController.m in Sources */,
				E9CE6DBD152D94FC0018362E /* InfoEditTextFieldCell.m in Sources */,
				E9AB42B9152DECB000221F8E /* SwitchFieldTableViewCell.m in Sources */,
			);
			runOnlyForDeploymentPostprocessing = 0;
		};
/* End PBXSourcesBuildPhase section */

/* Begin PBXVariantGroup section */
		E944F7C414FC87CE00DD5DE4 /* InfoPlist.strings */ = {
			isa = PBXVariantGroup;
			children = (
				E944F7C514FC87CE00DD5DE4 /* en */,
			);
			name = InfoPlist.strings;
			sourceTree = "<group>";
		};
/* End PBXVariantGroup section */

/* Begin XCBuildConfiguration section */
		E944F7D314FC87CE00DD5DE4 /* Debug */ = {
			isa = XCBuildConfiguration;
			buildSettings = {
				ALWAYS_SEARCH_USER_PATHS = NO;
				ARCHS = "$(ARCHS_STANDARD_32_BIT)";
				CLANG_ENABLE_OBJC_ARC = NO;
				CODE_SIGN_IDENTITY = "iPhone Developer: Hao Wu (63GJM96JZL)";
				"CODE_SIGN_IDENTITY[sdk=iphoneos*]" = "iPhone Developer";
				COPY_PHASE_STRIP = NO;
				GCC_C_LANGUAGE_STANDARD = gnu99;
				GCC_DYNAMIC_NO_PIC = NO;
				GCC_OPTIMIZATION_LEVEL = 0;
				GCC_PREPROCESSOR_DEFINITIONS = (
					"DEBUG=1",
					"$(inherited)",
				);
				GCC_SYMBOLS_PRIVATE_EXTERN = NO;
				GCC_VERSION = com.apple.compilers.llvm.clang.1_0;
				GCC_WARN_ABOUT_MISSING_PROTOTYPES = YES;
				GCC_WARN_ABOUT_RETURN_TYPE = YES;
				GCC_WARN_UNUSED_VARIABLE = YES;
				IPHONEOS_DEPLOYMENT_TARGET = 5.0;
				PROVISIONING_PROFILE = "7F948864-2022-44DD-83B1-5E4F8BB69999";
				SDKROOT = iphoneos;
			};
			name = Debug;
		};
		E944F7D414FC87CE00DD5DE4 /* Release */ = {
			isa = XCBuildConfiguration;
			buildSettings = {
				ALWAYS_SEARCH_USER_PATHS = NO;
				ARCHS = "$(ARCHS_STANDARD_32_BIT)";
				CLANG_ENABLE_OBJC_ARC = NO;
				CODE_SIGN_IDENTITY = "iPhone Developer: Hao Wu (63GJM96JZL)";
				"CODE_SIGN_IDENTITY[sdk=iphoneos*]" = "iPhone Developer";
				COPY_PHASE_STRIP = YES;
				GCC_C_LANGUAGE_STANDARD = gnu99;
				GCC_VERSION = com.apple.compilers.llvm.clang.1_0;
				GCC_WARN_ABOUT_MISSING_PROTOTYPES = YES;
				GCC_WARN_ABOUT_RETURN_TYPE = YES;
				GCC_WARN_UNUSED_VARIABLE = YES;
				IPHONEOS_DEPLOYMENT_TARGET = 5.0;
				OTHER_CFLAGS = "-DNS_BLOCK_ASSERTIONS=1";
				PROVISIONING_PROFILE = "7F948864-2022-44DD-83B1-5E4F8BB69999";
				SDKROOT = iphoneos;
				VALIDATE_PRODUCT = YES;
			};
			name = Release;
		};
		E944F7D614FC87CE00DD5DE4 /* Debug */ = {
			isa = XCBuildConfiguration;
			buildSettings = {
				GCC_PRECOMPILE_PREFIX_HEADER = YES;
				GCC_PREFIX_HEADER = "haoduojie/haoduojie-Prefix.pch";
				INFOPLIST_FILE = "haoduojie/haoduojie-Info.plist";
				IPHONEOS_DEPLOYMENT_TARGET = 4.3;
				PRODUCT_NAME = "$(TARGET_NAME)";
				WRAPPER_EXTENSION = app;
			};
			name = Debug;
		};
		E944F7D714FC87CE00DD5DE4 /* Release */ = {
			isa = XCBuildConfiguration;
			buildSettings = {
				GCC_PRECOMPILE_PREFIX_HEADER = YES;
				GCC_PREFIX_HEADER = "haoduojie/haoduojie-Prefix.pch";
				INFOPLIST_FILE = "haoduojie/haoduojie-Info.plist";
				IPHONEOS_DEPLOYMENT_TARGET = 4.3;
				PRODUCT_NAME = "$(TARGET_NAME)";
				WRAPPER_EXTENSION = app;
			};
			name = Release;
		};
/* End XCBuildConfiguration section */

/* Begin XCConfigurationList section */
		E944F7B114FC87CD00DD5DE4 /* Build configuration list for PBXProject "haoduojie" */ = {
			isa = XCConfigurationList;
			buildConfigurations = (
				E944F7D314FC87CE00DD5DE4 /* Debug */,
				E944F7D414FC87CE00DD5DE4 /* Release */,
			);
			defaultConfigurationIsVisible = 0;
			defaultConfigurationName = Release;
		};
		E944F7D514FC87CE00DD5DE4 /* Build configuration list for PBXNativeTarget "haoduojie" */ = {
			isa = XCConfigurationList;
			buildConfigurations = (
				E944F7D614FC87CE00DD5DE4 /* Debug */,
				E944F7D714FC87CE00DD5DE4 /* Release */,
			);
			defaultConfigurationIsVisible = 0;
			defaultConfigurationName = Release;
		};
/* End XCConfigurationList section */
	};
	rootObject = E944F7AE14FC87CD00DD5DE4 /* Project object */;
}
